// !$*UTF8*$!
{
	archiveVersion = 1;
	classes = {
	};
	objectVersion = 55;
	objects = {

/* Begin PBXBuildFile section */
		3630F3E527FEDDF60045AEBB /* yy.swift in Sources */ = {isa = PBXBuildFile; fileRef = 3630F3E427FEDDF60045AEBB /* yy.swift */; };
		3668D71B27FFD77300C20205 /* TransferPresenterImpl.swift in Sources */ = {isa = PBXBuildFile; fileRef = 3668D70E27FFD77300C20205 /* TransferPresenterImpl.swift */; };
		3668D71C27FFD77300C20205 /* TransferPresenterProtocol.swift in Sources */ = {isa = PBXBuildFile; fileRef = 3668D70F27FFD77300C20205 /* TransferPresenterProtocol.swift */; };
		3668D71D27FFD77300C20205 /* TransferViewController.swift in Sources */ = {isa = PBXBuildFile; fileRef = 3668D71127FFD77300C20205 /* TransferViewController.swift */; };
		3668D71E27FFD77300C20205 /* TransferView.swift in Sources */ = {isa = PBXBuildFile; fileRef = 3668D71227FFD77300C20205 /* TransferView.swift */; };
		3668D71F27FFD77300C20205 /* TransferViewController.xib in Resources */ = {isa = PBXBuildFile; fileRef = 3668D71327FFD77300C20205 /* TransferViewController.xib */; };
		3668D72027FFD77300C20205 /* TransferInteractorOutputProtocol.swift in Sources */ = {isa = PBXBuildFile; fileRef = 3668D71527FFD77300C20205 /* TransferInteractorOutputProtocol.swift */; };
		3668D72127FFD77300C20205 /* TransferInteractorProtocol.swift in Sources */ = {isa = PBXBuildFile; fileRef = 3668D71627FFD77300C20205 /* TransferInteractorProtocol.swift */; };
		3668D72227FFD77300C20205 /* TransferInteractorImpl.swift in Sources */ = {isa = PBXBuildFile; fileRef = 3668D71727FFD77300C20205 /* TransferInteractorImpl.swift */; };
		3668D72327FFD77300C20205 /* TransferRouterImpl.swift in Sources */ = {isa = PBXBuildFile; fileRef = 3668D71927FFD77300C20205 /* TransferRouterImpl.swift */; };
		3668D72427FFD77300C20205 /* TransferRouterProtocol.swift in Sources */ = {isa = PBXBuildFile; fileRef = 3668D71A27FFD77300C20205 /* TransferRouterProtocol.swift */; };
		3668D72927FFD79200C20205 /* TransferAPI.swift in Sources */ = {isa = PBXBuildFile; fileRef = 3668D72627FFD79200C20205 /* TransferAPI.swift */; };
		3668D72A27FFD79200C20205 /* TransferNetworkManager.swift in Sources */ = {isa = PBXBuildFile; fileRef = 3668D72727FFD79200C20205 /* TransferNetworkManager.swift */; };
		3668D72B27FFD79200C20205 /* TransferNetworkManagerImpl.swift in Sources */ = {isa = PBXBuildFile; fileRef = 3668D72827FFD79200C20205 /* TransferNetworkManagerImpl.swift */; };
		3668D72D27FFE4DB00C20205 /* TransferResponse.swift in Sources */ = {isa = PBXBuildFile; fileRef = 3668D72C27FFE4DB00C20205 /* TransferResponse.swift */; };
		5637AA712801EE7A006CB449 /* TopUpViewController.swift in Sources */ = {isa = PBXBuildFile; fileRef = 5637AA6F2801EE7A006CB449 /* TopUpViewController.swift */; };
		5637AA722801EE7A006CB449 /* TopUpViewController.xib in Resources */ = {isa = PBXBuildFile; fileRef = 5637AA702801EE7A006CB449 /* TopUpViewController.xib */; };
		5695526D2804781600F17423 /* ChangePasswordAPI.swift in Sources */ = {isa = PBXBuildFile; fileRef = 5695526C2804781600F17423 /* ChangePasswordAPI.swift */; };
		5695526F2804782800F17423 /* ChangePasswordNetworkManager.swift in Sources */ = {isa = PBXBuildFile; fileRef = 5695526E2804782800F17423 /* ChangePasswordNetworkManager.swift */; };
		569552712804783A00F17423 /* ChangePasswordNetworkManagerImpl.swift in Sources */ = {isa = PBXBuildFile; fileRef = 569552702804783A00F17423 /* ChangePasswordNetworkManagerImpl.swift */; };
		56BD7F492803D10A003A60A1 /* TopUpRouterImpl.swift in Sources */ = {isa = PBXBuildFile; fileRef = 56BD7F482803D10A003A60A1 /* TopUpRouterImpl.swift */; };
		56BD7F4B2803D115003A60A1 /* TopUpRouterProtocol.swift in Sources */ = {isa = PBXBuildFile; fileRef = 56BD7F4A2803D115003A60A1 /* TopUpRouterProtocol.swift */; };
		56BD7F4D2803D251003A60A1 /* TopUpInteractorOutputProtocol.swift in Sources */ = {isa = PBXBuildFile; fileRef = 56BD7F4C2803D251003A60A1 /* TopUpInteractorOutputProtocol.swift */; };
		56BD7F4F2803D260003A60A1 /* TopUpInteractorProtocol.swift in Sources */ = {isa = PBXBuildFile; fileRef = 56BD7F4E2803D260003A60A1 /* TopUpInteractorProtocol.swift */; };
		56BD7F512803D273003A60A1 /* TopUpInteractorImpl.swift in Sources */ = {isa = PBXBuildFile; fileRef = 56BD7F502803D273003A60A1 /* TopUpInteractorImpl.swift */; };
		56BD7F532803D28E003A60A1 /* TopUpPresenterImpl.swift in Sources */ = {isa = PBXBuildFile; fileRef = 56BD7F522803D28E003A60A1 /* TopUpPresenterImpl.swift */; };
		56BD7F552803D29D003A60A1 /* TopUpPresenterProtocol.swift in Sources */ = {isa = PBXBuildFile; fileRef = 56BD7F542803D29D003A60A1 /* TopUpPresenterProtocol.swift */; };
		56BD7F5E2803E660003A60A1 /* ChangePasswordViewController.swift in Sources */ = {isa = PBXBuildFile; fileRef = 56BD7F5C2803E660003A60A1 /* ChangePasswordViewController.swift */; };
		56BD7F5F2803E660003A60A1 /* ChangePasswordViewController.xib in Resources */ = {isa = PBXBuildFile; fileRef = 56BD7F5D2803E660003A60A1 /* ChangePasswordViewController.xib */; };
		56BD7F612803EA78003A60A1 /* ChangePasswordPresenterImpl.swift in Sources */ = {isa = PBXBuildFile; fileRef = 56BD7F602803EA78003A60A1 /* ChangePasswordPresenterImpl.swift */; };
		56BD7F632803EA8A003A60A1 /* ChangePasswordPresenterProtocol.swift in Sources */ = {isa = PBXBuildFile; fileRef = 56BD7F622803EA8A003A60A1 /* ChangePasswordPresenterProtocol.swift */; };
		56BD7F652803EB24003A60A1 /* ChangePasswordOutputProtocol.swift in Sources */ = {isa = PBXBuildFile; fileRef = 56BD7F642803EB24003A60A1 /* ChangePasswordOutputProtocol.swift */; };
		56BD7F672803EB53003A60A1 /* ChangePasswordInteractorProtocol.swift in Sources */ = {isa = PBXBuildFile; fileRef = 56BD7F662803EB53003A60A1 /* ChangePasswordInteractorProtocol.swift */; };
		56BD7F692803EB5E003A60A1 /* ChangePasswordInteractorImpl.swift in Sources */ = {isa = PBXBuildFile; fileRef = 56BD7F682803EB5E003A60A1 /* ChangePasswordInteractorImpl.swift */; };
		56BD7F6B2803EB7C003A60A1 /* ChangePasswordRouterImpl.swift in Sources */ = {isa = PBXBuildFile; fileRef = 56BD7F6A2803EB7C003A60A1 /* ChangePasswordRouterImpl.swift */; };
		56BD7F6D2803EB89003A60A1 /* ChangePasswordRouterProtocol.swift in Sources */ = {isa = PBXBuildFile; fileRef = 56BD7F6C2803EB89003A60A1 /* ChangePasswordRouterProtocol.swift */; };
		56BD7F6F2803F2DD003A60A1 /* ChangePasswordResponse.swift in Sources */ = {isa = PBXBuildFile; fileRef = 56BD7F6E2803F2DD003A60A1 /* ChangePasswordResponse.swift */; };
		56BD7F7128040204003A60A1 /* ChangePasswordViewProtocol.swift in Sources */ = {isa = PBXBuildFile; fileRef = 56BD7F7028040204003A60A1 /* ChangePasswordViewProtocol.swift */; };
		9F61019127FEC2D900BB9AD6 /* AppDelegate.swift in Sources */ = {isa = PBXBuildFile; fileRef = 9F61019027FEC2D900BB9AD6 /* AppDelegate.swift */; };
		9F61019327FEC2D900BB9AD6 /* SceneDelegate.swift in Sources */ = {isa = PBXBuildFile; fileRef = 9F61019227FEC2D900BB9AD6 /* SceneDelegate.swift */; };
		9F61019527FEC2D900BB9AD6 /* ViewController.swift in Sources */ = {isa = PBXBuildFile; fileRef = 9F61019427FEC2D900BB9AD6 /* ViewController.swift */; };
		9F61019827FEC2D900BB9AD6 /* Main.storyboard in Resources */ = {isa = PBXBuildFile; fileRef = 9F61019627FEC2D900BB9AD6 /* Main.storyboard */; };
		9F61019A27FEC2DA00BB9AD6 /* Assets.xcassets in Resources */ = {isa = PBXBuildFile; fileRef = 9F61019927FEC2DA00BB9AD6 /* Assets.xcassets */; };
		9F61019D27FEC2DA00BB9AD6 /* LaunchScreen.storyboard in Resources */ = {isa = PBXBuildFile; fileRef = 9F61019B27FEC2DA00BB9AD6 /* LaunchScreen.storyboard */; };
		9F6101A827FEC2DA00BB9AD6 /* ZWTests.swift in Sources */ = {isa = PBXBuildFile; fileRef = 9F6101A727FEC2DA00BB9AD6 /* ZWTests.swift */; };
		9F6101B227FEC2DA00BB9AD6 /* ZWUITests.swift in Sources */ = {isa = PBXBuildFile; fileRef = 9F6101B127FEC2DA00BB9AD6 /* ZWUITests.swift */; };
		9F6101B427FEC2DA00BB9AD6 /* ZWUITestsLaunchTests.swift in Sources */ = {isa = PBXBuildFile; fileRef = 9F6101B327FEC2DA00BB9AD6 /* ZWUITestsLaunchTests.swift */; };
		9F6101C227FEC36400BB9AD6 /* Moya in Frameworks */ = {isa = PBXBuildFile; productRef = 9F6101C127FEC36400BB9AD6 /* Moya */; };
		9F6101C527FEC48700BB9AD6 /* Kingfisher in Frameworks */ = {isa = PBXBuildFile; productRef = 9F6101C427FEC48700BB9AD6 /* Kingfisher */; };
		9F6101C827FEC4ED00BB9AD6 /* netfox in Frameworks */ = {isa = PBXBuildFile; productRef = 9F6101C727FEC4ED00BB9AD6 /* netfox */; };
		9F6101CC27FEC63F00BB9AD6 /* hatta.jpeg in Resources */ = {isa = PBXBuildFile; fileRef = 9F6101CB27FEC63F00BB9AD6 /* hatta.jpeg */; };
		9F6101E527FEC65D00BB9AD6 /* AuthApi.swift in Sources */ = {isa = PBXBuildFile; fileRef = 9F6101D627FEC65D00BB9AD6 /* AuthApi.swift */; };
		9F6101E627FEC65D00BB9AD6 /* AuthNetworkManager.swift in Sources */ = {isa = PBXBuildFile; fileRef = 9F6101D727FEC65D00BB9AD6 /* AuthNetworkManager.swift */; };
		9F6101E727FEC65D00BB9AD6 /* AuthNetworkManagerImpl.swift in Sources */ = {isa = PBXBuildFile; fileRef = 9F6101D827FEC65D00BB9AD6 /* AuthNetworkManagerImpl.swift */; };
		9F6101F527FEC68A00BB9AD6 /* IntExtension.swift in Sources */ = {isa = PBXBuildFile; fileRef = 9F6101EF27FEC68A00BB9AD6 /* IntExtension.swift */; };
		9F6101F627FEC68A00BB9AD6 /* UIViewExtension.swift in Sources */ = {isa = PBXBuildFile; fileRef = 9F6101F027FEC68A00BB9AD6 /* UIViewExtension.swift */; };
		9F6101F727FEC68A00BB9AD6 /* UserDefaultHelper.swift in Sources */ = {isa = PBXBuildFile; fileRef = 9F6101F227FEC68A00BB9AD6 /* UserDefaultHelper.swift */; };
		9F6101F827FEC68A00BB9AD6 /* AppRouter.swift in Sources */ = {isa = PBXBuildFile; fileRef = 9F6101F327FEC68A00BB9AD6 /* AppRouter.swift */; };
		9F6101F927FEC68A00BB9AD6 /* AppConstant.swift in Sources */ = {isa = PBXBuildFile; fileRef = 9F6101F427FEC68A00BB9AD6 /* AppConstant.swift */; };
		9F61023227FEC69E00BB9AD6 /* LoginDataResponse.swift in Sources */ = {isa = PBXBuildFile; fileRef = 9F6101FD27FEC69E00BB9AD6 /* LoginDataResponse.swift */; };
		9F61023327FEC69E00BB9AD6 /* LoginResponse.swift in Sources */ = {isa = PBXBuildFile; fileRef = 9F6101FE27FEC69E00BB9AD6 /* LoginResponse.swift */; };
		9F61023427FEC69E00BB9AD6 /* LoginPresenterProtocol.swift in Sources */ = {isa = PBXBuildFile; fileRef = 9F61020027FEC69E00BB9AD6 /* LoginPresenterProtocol.swift */; };
		9F61023527FEC69E00BB9AD6 /* LoginPresenterImpl.swift in Sources */ = {isa = PBXBuildFile; fileRef = 9F61020127FEC69E00BB9AD6 /* LoginPresenterImpl.swift */; };
		9F61023627FEC69E00BB9AD6 /* LoginViewController.xib in Resources */ = {isa = PBXBuildFile; fileRef = 9F61020327FEC69E00BB9AD6 /* LoginViewController.xib */; };
		9F61023727FEC69E00BB9AD6 /* LoginViewController.swift in Sources */ = {isa = PBXBuildFile; fileRef = 9F61020427FEC69E00BB9AD6 /* LoginViewController.swift */; };
		9F61023827FEC69E00BB9AD6 /* LoginViewProtocol.swift in Sources */ = {isa = PBXBuildFile; fileRef = 9F61020527FEC69E00BB9AD6 /* LoginViewProtocol.swift */; };
		9F61023927FEC69E00BB9AD6 /* LoginInteractorImpl.swift in Sources */ = {isa = PBXBuildFile; fileRef = 9F61020727FEC69E00BB9AD6 /* LoginInteractorImpl.swift */; };
		9F61023A27FEC69E00BB9AD6 /* LoginInteractorOutput.swift in Sources */ = {isa = PBXBuildFile; fileRef = 9F61020827FEC69E00BB9AD6 /* LoginInteractorOutput.swift */; };
		9F61023B27FEC69E00BB9AD6 /* LoginInteractorProtocol.swift in Sources */ = {isa = PBXBuildFile; fileRef = 9F61020927FEC69E00BB9AD6 /* LoginInteractorProtocol.swift */; };
		9F61023C27FEC69E00BB9AD6 /* LoginRouterProtocol.swift in Sources */ = {isa = PBXBuildFile; fileRef = 9F61020B27FEC69E00BB9AD6 /* LoginRouterProtocol.swift */; };
		9F61023D27FEC69E00BB9AD6 /* LoginRouterImpl.swift in Sources */ = {isa = PBXBuildFile; fileRef = 9F61020C27FEC69E00BB9AD6 /* LoginRouterImpl.swift */; };
		9F61024B27FEC69E00BB9AD6 /* RegisterResponse.swift in Sources */ = {isa = PBXBuildFile; fileRef = 9F61022227FEC69E00BB9AD6 /* RegisterResponse.swift */; };
		9F61024C27FEC69E00BB9AD6 /* RegisterDataResponse.swift in Sources */ = {isa = PBXBuildFile; fileRef = 9F61022327FEC69E00BB9AD6 /* RegisterDataResponse.swift */; };
		9F61024D27FEC69E00BB9AD6 /* RegisterPresenterImpl.swift in Sources */ = {isa = PBXBuildFile; fileRef = 9F61022527FEC69E00BB9AD6 /* RegisterPresenterImpl.swift */; };
		9F61024E27FEC69E00BB9AD6 /* RegisterPresenterProtocol.swift in Sources */ = {isa = PBXBuildFile; fileRef = 9F61022627FEC69E00BB9AD6 /* RegisterPresenterProtocol.swift */; };
		9F61024F27FEC69E00BB9AD6 /* RegisterViewController.xib in Resources */ = {isa = PBXBuildFile; fileRef = 9F61022827FEC69E00BB9AD6 /* RegisterViewController.xib */; };
		9F61025027FEC69E00BB9AD6 /* RegisterViewController.swift in Sources */ = {isa = PBXBuildFile; fileRef = 9F61022927FEC69E00BB9AD6 /* RegisterViewController.swift */; };
		9F61025127FEC69E00BB9AD6 /* RegisterViewProtocol.swift in Sources */ = {isa = PBXBuildFile; fileRef = 9F61022A27FEC69E00BB9AD6 /* RegisterViewProtocol.swift */; };
		9F61025227FEC69E00BB9AD6 /* RegisterInteractorImpl.swift in Sources */ = {isa = PBXBuildFile; fileRef = 9F61022C27FEC69E00BB9AD6 /* RegisterInteractorImpl.swift */; };
		9F61025327FEC69E00BB9AD6 /* RegisterInteractorProtocol.swift in Sources */ = {isa = PBXBuildFile; fileRef = 9F61022D27FEC69E00BB9AD6 /* RegisterInteractorProtocol.swift */; };
		9F61025427FEC69E00BB9AD6 /* RegisterInteractorOutput.swift in Sources */ = {isa = PBXBuildFile; fileRef = 9F61022E27FEC69E00BB9AD6 /* RegisterInteractorOutput.swift */; };
		9F61025527FEC69E00BB9AD6 /* RegisterRouterImpl.swift in Sources */ = {isa = PBXBuildFile; fileRef = 9F61023027FEC69E00BB9AD6 /* RegisterRouterImpl.swift */; };
		9F61025627FEC69E00BB9AD6 /* RegisterRouterProtocol.swift in Sources */ = {isa = PBXBuildFile; fileRef = 9F61023127FEC69E00BB9AD6 /* RegisterRouterProtocol.swift */; };
		9F61025E27FEC6AC00BB9AD6 /* NunitoSans-Light.ttf in Resources */ = {isa = PBXBuildFile; fileRef = 9F61025827FEC6AC00BB9AD6 /* NunitoSans-Light.ttf */; };
		9F61025F27FEC6AC00BB9AD6 /* NunitoSans-Regular.ttf in Resources */ = {isa = PBXBuildFile; fileRef = 9F61025927FEC6AC00BB9AD6 /* NunitoSans-Regular.ttf */; };
		9F61026027FEC6AC00BB9AD6 /* NunitoSans-Italic.ttf in Resources */ = {isa = PBXBuildFile; fileRef = 9F61025A27FEC6AC00BB9AD6 /* NunitoSans-Italic.ttf */; };
		9F61026127FEC6AC00BB9AD6 /* NunitoSans-Bold.ttf in Resources */ = {isa = PBXBuildFile; fileRef = 9F61025B27FEC6AC00BB9AD6 /* NunitoSans-Bold.ttf */; };
		9F61026227FEC6AC00BB9AD6 /* NunitoSans-SemiBold.ttf in Resources */ = {isa = PBXBuildFile; fileRef = 9F61025C27FEC6AC00BB9AD6 /* NunitoSans-SemiBold.ttf */; };
		9F61026327FEC6AC00BB9AD6 /* NunitoSans-Black.ttf in Resources */ = {isa = PBXBuildFile; fileRef = 9F61025D27FEC6AC00BB9AD6 /* NunitoSans-Black.ttf */; };
		9F6342DF27FECE9200DDC4B3 /* TransactionCell.xib in Resources */ = {isa = PBXBuildFile; fileRef = 9F6342DD27FECE9200DDC4B3 /* TransactionCell.xib */; };
		9F6342E027FECE9200DDC4B3 /* TransactionCell.swift in Sources */ = {isa = PBXBuildFile; fileRef = 9F6342DE27FECE9200DDC4B3 /* TransactionCell.swift */; };
		9F6342E427FECEFA00DDC4B3 /* TransactionEntity.swift in Sources */ = {isa = PBXBuildFile; fileRef = 9F6342E327FECEFA00DDC4B3 /* TransactionEntity.swift */; };
		9F6342FC27FECF1000DDC4B3 /* UserProfileEntity.swift in Sources */ = {isa = PBXBuildFile; fileRef = 9F6342E727FECF1000DDC4B3 /* UserProfileEntity.swift */; };
		9F6342FD27FECF1000DDC4B3 /* UserProfile.swift in Sources */ = {isa = PBXBuildFile; fileRef = 9F6342E827FECF1000DDC4B3 /* UserProfile.swift */; };
		9F6342FE27FECF1000DDC4B3 /* HomePresenterImpl.swift in Sources */ = {isa = PBXBuildFile; fileRef = 9F6342EA27FECF1000DDC4B3 /* HomePresenterImpl.swift */; };
		9F6342FF27FECF1000DDC4B3 /* HomePresenter.swift in Sources */ = {isa = PBXBuildFile; fileRef = 9F6342EB27FECF1000DDC4B3 /* HomePresenter.swift */; };
		9F63430027FECF1000DDC4B3 /* DashboardCellDelegate.swift in Sources */ = {isa = PBXBuildFile; fileRef = 9F6342EE27FECF1000DDC4B3 /* DashboardCellDelegate.swift */; };
		9F63430127FECF1000DDC4B3 /* DashboardHomeCell.swift in Sources */ = {isa = PBXBuildFile; fileRef = 9F6342EF27FECF1000DDC4B3 /* DashboardHomeCell.swift */; };
		9F63430227FECF1000DDC4B3 /* DashboardHomeCell.xib in Resources */ = {isa = PBXBuildFile; fileRef = 9F6342F027FECF1000DDC4B3 /* DashboardHomeCell.xib */; };
		9F63430327FECF1000DDC4B3 /* HomeView.swift in Sources */ = {isa = PBXBuildFile; fileRef = 9F6342F227FECF1000DDC4B3 /* HomeView.swift */; };
		9F63430427FECF1000DDC4B3 /* HomeViewController.swift in Sources */ = {isa = PBXBuildFile; fileRef = 9F6342F327FECF1000DDC4B3 /* HomeViewController.swift */; };
		9F63430527FECF1000DDC4B3 /* HomeDataSource.swift in Sources */ = {isa = PBXBuildFile; fileRef = 9F6342F427FECF1000DDC4B3 /* HomeDataSource.swift */; };
		9F63430627FECF1000DDC4B3 /* HomeInteractorOutput.swift in Sources */ = {isa = PBXBuildFile; fileRef = 9F6342F627FECF1000DDC4B3 /* HomeInteractorOutput.swift */; };
		9F63430727FECF1000DDC4B3 /* HomeInteractor.swift in Sources */ = {isa = PBXBuildFile; fileRef = 9F6342F727FECF1000DDC4B3 /* HomeInteractor.swift */; };
		9F63430827FECF1000DDC4B3 /* HomeInteractorImpl.swift in Sources */ = {isa = PBXBuildFile; fileRef = 9F6342F827FECF1000DDC4B3 /* HomeInteractorImpl.swift */; };
		9F63430927FECF1000DDC4B3 /* HomeRouterImpl.swift in Sources */ = {isa = PBXBuildFile; fileRef = 9F6342FA27FECF1000DDC4B3 /* HomeRouterImpl.swift */; };
		9F63430A27FECF1000DDC4B3 /* HomeRouter.swift in Sources */ = {isa = PBXBuildFile; fileRef = 9F6342FB27FECF1000DDC4B3 /* HomeRouter.swift */; };
		9F63431E27FECF2100DDC4B3 /* HistoryPresenterImpl.swift in Sources */ = {isa = PBXBuildFile; fileRef = 9F63430D27FECF2100DDC4B3 /* HistoryPresenterImpl.swift */; };
		9F63431F27FECF2100DDC4B3 /* HistoryPresenter.swift in Sources */ = {isa = PBXBuildFile; fileRef = 9F63430E27FECF2100DDC4B3 /* HistoryPresenter.swift */; };
		9F63432027FECF2100DDC4B3 /* HeaderCell.swift in Sources */ = {isa = PBXBuildFile; fileRef = 9F63431127FECF2100DDC4B3 /* HeaderCell.swift */; };
		9F63432127FECF2100DDC4B3 /* HistoryViewController.xib in Resources */ = {isa = PBXBuildFile; fileRef = 9F63431327FECF2100DDC4B3 /* HistoryViewController.xib */; };
		9F63432227FECF2100DDC4B3 /* HistoryView.swift in Sources */ = {isa = PBXBuildFile; fileRef = 9F63431427FECF2100DDC4B3 /* HistoryView.swift */; };
		9F63432327FECF2100DDC4B3 /* HistoryViewController.swift in Sources */ = {isa = PBXBuildFile; fileRef = 9F63431527FECF2100DDC4B3 /* HistoryViewController.swift */; };
		9F63432427FECF2100DDC4B3 /* HistoryDataSource.swift in Sources */ = {isa = PBXBuildFile; fileRef = 9F63431627FECF2100DDC4B3 /* HistoryDataSource.swift */; };
		9F63432527FECF2100DDC4B3 /* HistoryInteractorImpl.swift in Sources */ = {isa = PBXBuildFile; fileRef = 9F63431827FECF2100DDC4B3 /* HistoryInteractorImpl.swift */; };
		9F63432627FECF2100DDC4B3 /* HistoryInteractor.swift in Sources */ = {isa = PBXBuildFile; fileRef = 9F63431927FECF2100DDC4B3 /* HistoryInteractor.swift */; };
		9F63432727FECF2100DDC4B3 /* HistoryInteractorOutput.swift in Sources */ = {isa = PBXBuildFile; fileRef = 9F63431A27FECF2100DDC4B3 /* HistoryInteractorOutput.swift */; };
		9F63432827FECF2100DDC4B3 /* HistoryRouterImpl.swift in Sources */ = {isa = PBXBuildFile; fileRef = 9F63431C27FECF2100DDC4B3 /* HistoryRouterImpl.swift */; };
		9F63432927FECF2100DDC4B3 /* HistoryRouter.swift in Sources */ = {isa = PBXBuildFile; fileRef = 9F63431D27FECF2100DDC4B3 /* HistoryRouter.swift */; };
		9F63433827FECF9000DDC4B3 /* GetBalanceDataResponse.swift in Sources */ = {isa = PBXBuildFile; fileRef = 9F63432C27FECF9000DDC4B3 /* GetBalanceDataResponse.swift */; };
		9F63433927FECF9000DDC4B3 /* GetBalanceResponse.swift in Sources */ = {isa = PBXBuildFile; fileRef = 9F63432D27FECF9000DDC4B3 /* GetBalanceResponse.swift */; };
		9F63433A27FECF9000DDC4B3 /* BalanceAPI.swift in Sources */ = {isa = PBXBuildFile; fileRef = 9F63432E27FECF9000DDC4B3 /* BalanceAPI.swift */; };
		9F63433B27FECF9000DDC4B3 /* BalanceNetworkManager.swift in Sources */ = {isa = PBXBuildFile; fileRef = 9F63432F27FECF9000DDC4B3 /* BalanceNetworkManager.swift */; };
		9F63433C27FECF9000DDC4B3 /* BalanceNetworkManagerImpl.swift in Sources */ = {isa = PBXBuildFile; fileRef = 9F63433027FECF9000DDC4B3 /* BalanceNetworkManagerImpl.swift */; };
		9F63433D27FECF9000DDC4B3 /* GetInvoiceResponse.swift in Sources */ = {isa = PBXBuildFile; fileRef = 9F63433327FECF9000DDC4B3 /* GetInvoiceResponse.swift */; };
		9F63433E27FECF9000DDC4B3 /* GetInvoiceDataResponse.swift in Sources */ = {isa = PBXBuildFile; fileRef = 9F63433427FECF9000DDC4B3 /* GetInvoiceDataResponse.swift */; };
		9F63433F27FECF9000DDC4B3 /* InvoiceNetworkManager.swift in Sources */ = {isa = PBXBuildFile; fileRef = 9F63433527FECF9000DDC4B3 /* InvoiceNetworkManager.swift */; };
		9F63434027FECF9000DDC4B3 /* InvoiceNetworkManagerImpl.swift in Sources */ = {isa = PBXBuildFile; fileRef = 9F63433627FECF9000DDC4B3 /* InvoiceNetworkManagerImpl.swift */; };
		9F63434127FECF9000DDC4B3 /* InvoiceApi.swift in Sources */ = {isa = PBXBuildFile; fileRef = 9F63433727FECF9000DDC4B3 /* InvoiceApi.swift */; };
		9F63434327FED3AB00DDC4B3 /* HomeViewController.xib in Resources */ = {isa = PBXBuildFile; fileRef = 9F63434227FED3AB00DDC4B3 /* HomeViewController.xib */; };
		9F63434527FED49E00DDC4B3 /* HeaderCell.xib in Resources */ = {isa = PBXBuildFile; fileRef = 9F63434427FED49E00DDC4B3 /* HeaderCell.xib */; };
		9F63434727FEDB9500DDC4B3 /* xx.swift in Sources */ = {isa = PBXBuildFile; fileRef = 9F63434627FEDB9500DDC4B3 /* xx.swift */; };
/* End PBXBuildFile section */

/* Begin PBXContainerItemProxy section */
		9F6101A427FEC2DA00BB9AD6 /* PBXContainerItemProxy */ = {
			isa = PBXContainerItemProxy;
			containerPortal = 9F61018527FEC2D900BB9AD6 /* Project object */;
			proxyType = 1;
			remoteGlobalIDString = 9F61018C27FEC2D900BB9AD6;
			remoteInfo = ZW;
		};
		9F6101AE27FEC2DA00BB9AD6 /* PBXContainerItemProxy */ = {
			isa = PBXContainerItemProxy;
			containerPortal = 9F61018527FEC2D900BB9AD6 /* Project object */;
			proxyType = 1;
			remoteGlobalIDString = 9F61018C27FEC2D900BB9AD6;
			remoteInfo = ZW;
		};
/* End PBXContainerItemProxy section */

/* Begin PBXFileReference section */
		3630F3E427FEDDF60045AEBB /* yy.swift */ = {isa = PBXFileReference; lastKnownFileType = sourcecode.swift; path = yy.swift; sourceTree = "<group>"; };
		3668D70E27FFD77300C20205 /* TransferPresenterImpl.swift */ = {isa = PBXFileReference; fileEncoding = 4; lastKnownFileType = sourcecode.swift; path = TransferPresenterImpl.swift; sourceTree = "<group>"; };
		3668D70F27FFD77300C20205 /* TransferPresenterProtocol.swift */ = {isa = PBXFileReference; fileEncoding = 4; lastKnownFileType = sourcecode.swift; path = TransferPresenterProtocol.swift; sourceTree = "<group>"; };
		3668D71127FFD77300C20205 /* TransferViewController.swift */ = {isa = PBXFileReference; fileEncoding = 4; lastKnownFileType = sourcecode.swift; path = TransferViewController.swift; sourceTree = "<group>"; };
		3668D71227FFD77300C20205 /* TransferView.swift */ = {isa = PBXFileReference; fileEncoding = 4; lastKnownFileType = sourcecode.swift; path = TransferView.swift; sourceTree = "<group>"; };
		3668D71327FFD77300C20205 /* TransferViewController.xib */ = {isa = PBXFileReference; fileEncoding = 4; lastKnownFileType = file.xib; path = TransferViewController.xib; sourceTree = "<group>"; };
		3668D71527FFD77300C20205 /* TransferInteractorOutputProtocol.swift */ = {isa = PBXFileReference; fileEncoding = 4; lastKnownFileType = sourcecode.swift; path = TransferInteractorOutputProtocol.swift; sourceTree = "<group>"; };
		3668D71627FFD77300C20205 /* TransferInteractorProtocol.swift */ = {isa = PBXFileReference; fileEncoding = 4; lastKnownFileType = sourcecode.swift; path = TransferInteractorProtocol.swift; sourceTree = "<group>"; };
		3668D71727FFD77300C20205 /* TransferInteractorImpl.swift */ = {isa = PBXFileReference; fileEncoding = 4; lastKnownFileType = sourcecode.swift; path = TransferInteractorImpl.swift; sourceTree = "<group>"; };
		3668D71927FFD77300C20205 /* TransferRouterImpl.swift */ = {isa = PBXFileReference; fileEncoding = 4; lastKnownFileType = sourcecode.swift; path = TransferRouterImpl.swift; sourceTree = "<group>"; };
		3668D71A27FFD77300C20205 /* TransferRouterProtocol.swift */ = {isa = PBXFileReference; fileEncoding = 4; lastKnownFileType = sourcecode.swift; path = TransferRouterProtocol.swift; sourceTree = "<group>"; };
		3668D72627FFD79200C20205 /* TransferAPI.swift */ = {isa = PBXFileReference; fileEncoding = 4; lastKnownFileType = sourcecode.swift; path = TransferAPI.swift; sourceTree = "<group>"; };
		3668D72727FFD79200C20205 /* TransferNetworkManager.swift */ = {isa = PBXFileReference; fileEncoding = 4; lastKnownFileType = sourcecode.swift; path = TransferNetworkManager.swift; sourceTree = "<group>"; };
		3668D72827FFD79200C20205 /* TransferNetworkManagerImpl.swift */ = {isa = PBXFileReference; fileEncoding = 4; lastKnownFileType = sourcecode.swift; path = TransferNetworkManagerImpl.swift; sourceTree = "<group>"; };
		3668D72C27FFE4DB00C20205 /* TransferResponse.swift */ = {isa = PBXFileReference; lastKnownFileType = sourcecode.swift; path = TransferResponse.swift; sourceTree = "<group>"; };
		5637AA6F2801EE7A006CB449 /* TopUpViewController.swift */ = {isa = PBXFileReference; lastKnownFileType = sourcecode.swift; path = TopUpViewController.swift; sourceTree = "<group>"; };
		5637AA702801EE7A006CB449 /* TopUpViewController.xib */ = {isa = PBXFileReference; lastKnownFileType = file.xib; path = TopUpViewController.xib; sourceTree = "<group>"; };
		5695526C2804781600F17423 /* ChangePasswordAPI.swift */ = {isa = PBXFileReference; lastKnownFileType = sourcecode.swift; path = ChangePasswordAPI.swift; sourceTree = "<group>"; };
		5695526E2804782800F17423 /* ChangePasswordNetworkManager.swift */ = {isa = PBXFileReference; lastKnownFileType = sourcecode.swift; path = ChangePasswordNetworkManager.swift; sourceTree = "<group>"; };
		569552702804783A00F17423 /* ChangePasswordNetworkManagerImpl.swift */ = {isa = PBXFileReference; lastKnownFileType = sourcecode.swift; path = ChangePasswordNetworkManagerImpl.swift; sourceTree = "<group>"; };
		56BD7F482803D10A003A60A1 /* TopUpRouterImpl.swift */ = {isa = PBXFileReference; lastKnownFileType = sourcecode.swift; path = TopUpRouterImpl.swift; sourceTree = "<group>"; };
		56BD7F4A2803D115003A60A1 /* TopUpRouterProtocol.swift */ = {isa = PBXFileReference; lastKnownFileType = sourcecode.swift; path = TopUpRouterProtocol.swift; sourceTree = "<group>"; };
		56BD7F4C2803D251003A60A1 /* TopUpInteractorOutputProtocol.swift */ = {isa = PBXFileReference; lastKnownFileType = sourcecode.swift; path = TopUpInteractorOutputProtocol.swift; sourceTree = "<group>"; };
		56BD7F4E2803D260003A60A1 /* TopUpInteractorProtocol.swift */ = {isa = PBXFileReference; lastKnownFileType = sourcecode.swift; path = TopUpInteractorProtocol.swift; sourceTree = "<group>"; };
		56BD7F502803D273003A60A1 /* TopUpInteractorImpl.swift */ = {isa = PBXFileReference; lastKnownFileType = sourcecode.swift; path = TopUpInteractorImpl.swift; sourceTree = "<group>"; };
		56BD7F522803D28E003A60A1 /* TopUpPresenterImpl.swift */ = {isa = PBXFileReference; lastKnownFileType = sourcecode.swift; path = TopUpPresenterImpl.swift; sourceTree = "<group>"; };
		56BD7F542803D29D003A60A1 /* TopUpPresenterProtocol.swift */ = {isa = PBXFileReference; lastKnownFileType = sourcecode.swift; path = TopUpPresenterProtocol.swift; sourceTree = "<group>"; };
		56BD7F5C2803E660003A60A1 /* ChangePasswordViewController.swift */ = {isa = PBXFileReference; lastKnownFileType = sourcecode.swift; path = ChangePasswordViewController.swift; sourceTree = "<group>"; };
		56BD7F5D2803E660003A60A1 /* ChangePasswordViewController.xib */ = {isa = PBXFileReference; lastKnownFileType = file.xib; path = ChangePasswordViewController.xib; sourceTree = "<group>"; };
		56BD7F602803EA78003A60A1 /* ChangePasswordPresenterImpl.swift */ = {isa = PBXFileReference; lastKnownFileType = sourcecode.swift; path = ChangePasswordPresenterImpl.swift; sourceTree = "<group>"; };
		56BD7F622803EA8A003A60A1 /* ChangePasswordPresenterProtocol.swift */ = {isa = PBXFileReference; lastKnownFileType = sourcecode.swift; path = ChangePasswordPresenterProtocol.swift; sourceTree = "<group>"; };
		56BD7F642803EB24003A60A1 /* ChangePasswordOutputProtocol.swift */ = {isa = PBXFileReference; lastKnownFileType = sourcecode.swift; path = ChangePasswordOutputProtocol.swift; sourceTree = "<group>"; };
		56BD7F662803EB53003A60A1 /* ChangePasswordInteractorProtocol.swift */ = {isa = PBXFileReference; lastKnownFileType = sourcecode.swift; path = ChangePasswordInteractorProtocol.swift; sourceTree = "<group>"; };
		56BD7F682803EB5E003A60A1 /* ChangePasswordInteractorImpl.swift */ = {isa = PBXFileReference; lastKnownFileType = sourcecode.swift; path = ChangePasswordInteractorImpl.swift; sourceTree = "<group>"; };
		56BD7F6A2803EB7C003A60A1 /* ChangePasswordRouterImpl.swift */ = {isa = PBXFileReference; lastKnownFileType = sourcecode.swift; path = ChangePasswordRouterImpl.swift; sourceTree = "<group>"; };
		56BD7F6C2803EB89003A60A1 /* ChangePasswordRouterProtocol.swift */ = {isa = PBXFileReference; lastKnownFileType = sourcecode.swift; path = ChangePasswordRouterProtocol.swift; sourceTree = "<group>"; };
		56BD7F6E2803F2DD003A60A1 /* ChangePasswordResponse.swift */ = {isa = PBXFileReference; lastKnownFileType = sourcecode.swift; path = ChangePasswordResponse.swift; sourceTree = "<group>"; };
		56BD7F7028040204003A60A1 /* ChangePasswordViewProtocol.swift */ = {isa = PBXFileReference; lastKnownFileType = sourcecode.swift; path = ChangePasswordViewProtocol.swift; sourceTree = "<group>"; };
		9F61018D27FEC2D900BB9AD6 /* ZW.app */ = {isa = PBXFileReference; explicitFileType = wrapper.application; includeInIndex = 0; path = ZW.app; sourceTree = BUILT_PRODUCTS_DIR; };
		9F61019027FEC2D900BB9AD6 /* AppDelegate.swift */ = {isa = PBXFileReference; lastKnownFileType = sourcecode.swift; path = AppDelegate.swift; sourceTree = "<group>"; };
		9F61019227FEC2D900BB9AD6 /* SceneDelegate.swift */ = {isa = PBXFileReference; lastKnownFileType = sourcecode.swift; path = SceneDelegate.swift; sourceTree = "<group>"; };
		9F61019427FEC2D900BB9AD6 /* ViewController.swift */ = {isa = PBXFileReference; lastKnownFileType = sourcecode.swift; path = ViewController.swift; sourceTree = "<group>"; };
		9F61019727FEC2D900BB9AD6 /* Base */ = {isa = PBXFileReference; lastKnownFileType = file.storyboard; name = Base; path = Base.lproj/Main.storyboard; sourceTree = "<group>"; };
		9F61019927FEC2DA00BB9AD6 /* Assets.xcassets */ = {isa = PBXFileReference; lastKnownFileType = folder.assetcatalog; path = Assets.xcassets; sourceTree = "<group>"; };
		9F61019C27FEC2DA00BB9AD6 /* Base */ = {isa = PBXFileReference; lastKnownFileType = file.storyboard; name = Base; path = Base.lproj/LaunchScreen.storyboard; sourceTree = "<group>"; };
		9F61019E27FEC2DA00BB9AD6 /* Info.plist */ = {isa = PBXFileReference; lastKnownFileType = text.plist.xml; path = Info.plist; sourceTree = "<group>"; };
		9F6101A327FEC2DA00BB9AD6 /* ZWTests.xctest */ = {isa = PBXFileReference; explicitFileType = wrapper.cfbundle; includeInIndex = 0; path = ZWTests.xctest; sourceTree = BUILT_PRODUCTS_DIR; };
		9F6101A727FEC2DA00BB9AD6 /* ZWTests.swift */ = {isa = PBXFileReference; lastKnownFileType = sourcecode.swift; path = ZWTests.swift; sourceTree = "<group>"; };
		9F6101AD27FEC2DA00BB9AD6 /* ZWUITests.xctest */ = {isa = PBXFileReference; explicitFileType = wrapper.cfbundle; includeInIndex = 0; path = ZWUITests.xctest; sourceTree = BUILT_PRODUCTS_DIR; };
		9F6101B127FEC2DA00BB9AD6 /* ZWUITests.swift */ = {isa = PBXFileReference; lastKnownFileType = sourcecode.swift; path = ZWUITests.swift; sourceTree = "<group>"; };
		9F6101B327FEC2DA00BB9AD6 /* ZWUITestsLaunchTests.swift */ = {isa = PBXFileReference; lastKnownFileType = sourcecode.swift; path = ZWUITestsLaunchTests.swift; sourceTree = "<group>"; };
		9F6101CB27FEC63F00BB9AD6 /* hatta.jpeg */ = {isa = PBXFileReference; lastKnownFileType = image.jpeg; path = hatta.jpeg; sourceTree = "<group>"; };
		9F6101D627FEC65D00BB9AD6 /* AuthApi.swift */ = {isa = PBXFileReference; fileEncoding = 4; lastKnownFileType = sourcecode.swift; path = AuthApi.swift; sourceTree = "<group>"; };
		9F6101D727FEC65D00BB9AD6 /* AuthNetworkManager.swift */ = {isa = PBXFileReference; fileEncoding = 4; lastKnownFileType = sourcecode.swift; path = AuthNetworkManager.swift; sourceTree = "<group>"; };
		9F6101D827FEC65D00BB9AD6 /* AuthNetworkManagerImpl.swift */ = {isa = PBXFileReference; fileEncoding = 4; lastKnownFileType = sourcecode.swift; path = AuthNetworkManagerImpl.swift; sourceTree = "<group>"; };
		9F6101EF27FEC68A00BB9AD6 /* IntExtension.swift */ = {isa = PBXFileReference; fileEncoding = 4; lastKnownFileType = sourcecode.swift; path = IntExtension.swift; sourceTree = "<group>"; };
		9F6101F027FEC68A00BB9AD6 /* UIViewExtension.swift */ = {isa = PBXFileReference; fileEncoding = 4; lastKnownFileType = sourcecode.swift; path = UIViewExtension.swift; sourceTree = "<group>"; };
		9F6101F227FEC68A00BB9AD6 /* UserDefaultHelper.swift */ = {isa = PBXFileReference; fileEncoding = 4; lastKnownFileType = sourcecode.swift; path = UserDefaultHelper.swift; sourceTree = "<group>"; };
		9F6101F327FEC68A00BB9AD6 /* AppRouter.swift */ = {isa = PBXFileReference; fileEncoding = 4; lastKnownFileType = sourcecode.swift; path = AppRouter.swift; sourceTree = "<group>"; };
		9F6101F427FEC68A00BB9AD6 /* AppConstant.swift */ = {isa = PBXFileReference; fileEncoding = 4; lastKnownFileType = sourcecode.swift; path = AppConstant.swift; sourceTree = "<group>"; };
		9F6101FD27FEC69E00BB9AD6 /* LoginDataResponse.swift */ = {isa = PBXFileReference; fileEncoding = 4; lastKnownFileType = sourcecode.swift; path = LoginDataResponse.swift; sourceTree = "<group>"; };
		9F6101FE27FEC69E00BB9AD6 /* LoginResponse.swift */ = {isa = PBXFileReference; fileEncoding = 4; lastKnownFileType = sourcecode.swift; path = LoginResponse.swift; sourceTree = "<group>"; };
		9F61020027FEC69E00BB9AD6 /* LoginPresenterProtocol.swift */ = {isa = PBXFileReference; fileEncoding = 4; lastKnownFileType = sourcecode.swift; path = LoginPresenterProtocol.swift; sourceTree = "<group>"; };
		9F61020127FEC69E00BB9AD6 /* LoginPresenterImpl.swift */ = {isa = PBXFileReference; fileEncoding = 4; lastKnownFileType = sourcecode.swift; path = LoginPresenterImpl.swift; sourceTree = "<group>"; };
		9F61020327FEC69E00BB9AD6 /* LoginViewController.xib */ = {isa = PBXFileReference; fileEncoding = 4; lastKnownFileType = file.xib; path = LoginViewController.xib; sourceTree = "<group>"; };
		9F61020427FEC69E00BB9AD6 /* LoginViewController.swift */ = {isa = PBXFileReference; fileEncoding = 4; lastKnownFileType = sourcecode.swift; path = LoginViewController.swift; sourceTree = "<group>"; };
		9F61020527FEC69E00BB9AD6 /* LoginViewProtocol.swift */ = {isa = PBXFileReference; fileEncoding = 4; lastKnownFileType = sourcecode.swift; path = LoginViewProtocol.swift; sourceTree = "<group>"; };
		9F61020727FEC69E00BB9AD6 /* LoginInteractorImpl.swift */ = {isa = PBXFileReference; fileEncoding = 4; lastKnownFileType = sourcecode.swift; path = LoginInteractorImpl.swift; sourceTree = "<group>"; };
		9F61020827FEC69E00BB9AD6 /* LoginInteractorOutput.swift */ = {isa = PBXFileReference; fileEncoding = 4; lastKnownFileType = sourcecode.swift; path = LoginInteractorOutput.swift; sourceTree = "<group>"; };
		9F61020927FEC69E00BB9AD6 /* LoginInteractorProtocol.swift */ = {isa = PBXFileReference; fileEncoding = 4; lastKnownFileType = sourcecode.swift; path = LoginInteractorProtocol.swift; sourceTree = "<group>"; };
		9F61020B27FEC69E00BB9AD6 /* LoginRouterProtocol.swift */ = {isa = PBXFileReference; fileEncoding = 4; lastKnownFileType = sourcecode.swift; path = LoginRouterProtocol.swift; sourceTree = "<group>"; };
		9F61020C27FEC69E00BB9AD6 /* LoginRouterImpl.swift */ = {isa = PBXFileReference; fileEncoding = 4; lastKnownFileType = sourcecode.swift; path = LoginRouterImpl.swift; sourceTree = "<group>"; };
		9F61022227FEC69E00BB9AD6 /* RegisterResponse.swift */ = {isa = PBXFileReference; fileEncoding = 4; lastKnownFileType = sourcecode.swift; path = RegisterResponse.swift; sourceTree = "<group>"; };
		9F61022327FEC69E00BB9AD6 /* RegisterDataResponse.swift */ = {isa = PBXFileReference; fileEncoding = 4; lastKnownFileType = sourcecode.swift; path = RegisterDataResponse.swift; sourceTree = "<group>"; };
		9F61022527FEC69E00BB9AD6 /* RegisterPresenterImpl.swift */ = {isa = PBXFileReference; fileEncoding = 4; lastKnownFileType = sourcecode.swift; path = RegisterPresenterImpl.swift; sourceTree = "<group>"; };
		9F61022627FEC69E00BB9AD6 /* RegisterPresenterProtocol.swift */ = {isa = PBXFileReference; fileEncoding = 4; lastKnownFileType = sourcecode.swift; path = RegisterPresenterProtocol.swift; sourceTree = "<group>"; };
		9F61022827FEC69E00BB9AD6 /* RegisterViewController.xib */ = {isa = PBXFileReference; fileEncoding = 4; lastKnownFileType = file.xib; path = RegisterViewController.xib; sourceTree = "<group>"; };
		9F61022927FEC69E00BB9AD6 /* RegisterViewController.swift */ = {isa = PBXFileReference; fileEncoding = 4; lastKnownFileType = sourcecode.swift; path = RegisterViewController.swift; sourceTree = "<group>"; };
		9F61022A27FEC69E00BB9AD6 /* RegisterViewProtocol.swift */ = {isa = PBXFileReference; fileEncoding = 4; lastKnownFileType = sourcecode.swift; path = RegisterViewProtocol.swift; sourceTree = "<group>"; };
		9F61022C27FEC69E00BB9AD6 /* RegisterInteractorImpl.swift */ = {isa = PBXFileReference; fileEncoding = 4; lastKnownFileType = sourcecode.swift; path = RegisterInteractorImpl.swift; sourceTree = "<group>"; };
		9F61022D27FEC69E00BB9AD6 /* RegisterInteractorProtocol.swift */ = {isa = PBXFileReference; fileEncoding = 4; lastKnownFileType = sourcecode.swift; path = RegisterInteractorProtocol.swift; sourceTree = "<group>"; };
		9F61022E27FEC69E00BB9AD6 /* RegisterInteractorOutput.swift */ = {isa = PBXFileReference; fileEncoding = 4; lastKnownFileType = sourcecode.swift; path = RegisterInteractorOutput.swift; sourceTree = "<group>"; };
		9F61023027FEC69E00BB9AD6 /* RegisterRouterImpl.swift */ = {isa = PBXFileReference; fileEncoding = 4; lastKnownFileType = sourcecode.swift; path = RegisterRouterImpl.swift; sourceTree = "<group>"; };
		9F61023127FEC69E00BB9AD6 /* RegisterRouterProtocol.swift */ = {isa = PBXFileReference; fileEncoding = 4; lastKnownFileType = sourcecode.swift; path = RegisterRouterProtocol.swift; sourceTree = "<group>"; };
		9F61025827FEC6AC00BB9AD6 /* NunitoSans-Light.ttf */ = {isa = PBXFileReference; lastKnownFileType = file; path = "NunitoSans-Light.ttf"; sourceTree = "<group>"; };
		9F61025927FEC6AC00BB9AD6 /* NunitoSans-Regular.ttf */ = {isa = PBXFileReference; lastKnownFileType = file; path = "NunitoSans-Regular.ttf"; sourceTree = "<group>"; };
		9F61025A27FEC6AC00BB9AD6 /* NunitoSans-Italic.ttf */ = {isa = PBXFileReference; lastKnownFileType = file; path = "NunitoSans-Italic.ttf"; sourceTree = "<group>"; };
		9F61025B27FEC6AC00BB9AD6 /* NunitoSans-Bold.ttf */ = {isa = PBXFileReference; lastKnownFileType = file; path = "NunitoSans-Bold.ttf"; sourceTree = "<group>"; };
		9F61025C27FEC6AC00BB9AD6 /* NunitoSans-SemiBold.ttf */ = {isa = PBXFileReference; lastKnownFileType = file; path = "NunitoSans-SemiBold.ttf"; sourceTree = "<group>"; };
		9F61025D27FEC6AC00BB9AD6 /* NunitoSans-Black.ttf */ = {isa = PBXFileReference; lastKnownFileType = file; path = "NunitoSans-Black.ttf"; sourceTree = "<group>"; };
		9F6342DD27FECE9200DDC4B3 /* TransactionCell.xib */ = {isa = PBXFileReference; fileEncoding = 4; lastKnownFileType = file.xib; path = TransactionCell.xib; sourceTree = "<group>"; };
		9F6342DE27FECE9200DDC4B3 /* TransactionCell.swift */ = {isa = PBXFileReference; fileEncoding = 4; lastKnownFileType = sourcecode.swift; path = TransactionCell.swift; sourceTree = "<group>"; };
		9F6342E327FECEFA00DDC4B3 /* TransactionEntity.swift */ = {isa = PBXFileReference; fileEncoding = 4; lastKnownFileType = sourcecode.swift; path = TransactionEntity.swift; sourceTree = "<group>"; };
		9F6342E727FECF1000DDC4B3 /* UserProfileEntity.swift */ = {isa = PBXFileReference; fileEncoding = 4; lastKnownFileType = sourcecode.swift; path = UserProfileEntity.swift; sourceTree = "<group>"; };
		9F6342E827FECF1000DDC4B3 /* UserProfile.swift */ = {isa = PBXFileReference; fileEncoding = 4; lastKnownFileType = sourcecode.swift; path = UserProfile.swift; sourceTree = "<group>"; };
		9F6342EA27FECF1000DDC4B3 /* HomePresenterImpl.swift */ = {isa = PBXFileReference; fileEncoding = 4; lastKnownFileType = sourcecode.swift; path = HomePresenterImpl.swift; sourceTree = "<group>"; };
		9F6342EB27FECF1000DDC4B3 /* HomePresenter.swift */ = {isa = PBXFileReference; fileEncoding = 4; lastKnownFileType = sourcecode.swift; path = HomePresenter.swift; sourceTree = "<group>"; };
		9F6342EE27FECF1000DDC4B3 /* DashboardCellDelegate.swift */ = {isa = PBXFileReference; fileEncoding = 4; lastKnownFileType = sourcecode.swift; path = DashboardCellDelegate.swift; sourceTree = "<group>"; };
		9F6342EF27FECF1000DDC4B3 /* DashboardHomeCell.swift */ = {isa = PBXFileReference; fileEncoding = 4; lastKnownFileType = sourcecode.swift; path = DashboardHomeCell.swift; sourceTree = "<group>"; };
		9F6342F027FECF1000DDC4B3 /* DashboardHomeCell.xib */ = {isa = PBXFileReference; fileEncoding = 4; lastKnownFileType = file.xib; path = DashboardHomeCell.xib; sourceTree = "<group>"; };
		9F6342F227FECF1000DDC4B3 /* HomeView.swift */ = {isa = PBXFileReference; fileEncoding = 4; lastKnownFileType = sourcecode.swift; path = HomeView.swift; sourceTree = "<group>"; };
		9F6342F327FECF1000DDC4B3 /* HomeViewController.swift */ = {isa = PBXFileReference; fileEncoding = 4; lastKnownFileType = sourcecode.swift; path = HomeViewController.swift; sourceTree = "<group>"; };
		9F6342F427FECF1000DDC4B3 /* HomeDataSource.swift */ = {isa = PBXFileReference; fileEncoding = 4; lastKnownFileType = sourcecode.swift; path = HomeDataSource.swift; sourceTree = "<group>"; };
		9F6342F627FECF1000DDC4B3 /* HomeInteractorOutput.swift */ = {isa = PBXFileReference; fileEncoding = 4; lastKnownFileType = sourcecode.swift; path = HomeInteractorOutput.swift; sourceTree = "<group>"; };
		9F6342F727FECF1000DDC4B3 /* HomeInteractor.swift */ = {isa = PBXFileReference; fileEncoding = 4; lastKnownFileType = sourcecode.swift; path = HomeInteractor.swift; sourceTree = "<group>"; };
		9F6342F827FECF1000DDC4B3 /* HomeInteractorImpl.swift */ = {isa = PBXFileReference; fileEncoding = 4; lastKnownFileType = sourcecode.swift; path = HomeInteractorImpl.swift; sourceTree = "<group>"; };
		9F6342FA27FECF1000DDC4B3 /* HomeRouterImpl.swift */ = {isa = PBXFileReference; fileEncoding = 4; lastKnownFileType = sourcecode.swift; path = HomeRouterImpl.swift; sourceTree = "<group>"; };
		9F6342FB27FECF1000DDC4B3 /* HomeRouter.swift */ = {isa = PBXFileReference; fileEncoding = 4; lastKnownFileType = sourcecode.swift; path = HomeRouter.swift; sourceTree = "<group>"; };
		9F63430D27FECF2100DDC4B3 /* HistoryPresenterImpl.swift */ = {isa = PBXFileReference; fileEncoding = 4; lastKnownFileType = sourcecode.swift; path = HistoryPresenterImpl.swift; sourceTree = "<group>"; };
		9F63430E27FECF2100DDC4B3 /* HistoryPresenter.swift */ = {isa = PBXFileReference; fileEncoding = 4; lastKnownFileType = sourcecode.swift; path = HistoryPresenter.swift; sourceTree = "<group>"; };
		9F63431127FECF2100DDC4B3 /* HeaderCell.swift */ = {isa = PBXFileReference; fileEncoding = 4; lastKnownFileType = sourcecode.swift; path = HeaderCell.swift; sourceTree = "<group>"; };
		9F63431327FECF2100DDC4B3 /* HistoryViewController.xib */ = {isa = PBXFileReference; fileEncoding = 4; lastKnownFileType = file.xib; path = HistoryViewController.xib; sourceTree = "<group>"; };
		9F63431427FECF2100DDC4B3 /* HistoryView.swift */ = {isa = PBXFileReference; fileEncoding = 4; lastKnownFileType = sourcecode.swift; path = HistoryView.swift; sourceTree = "<group>"; };
		9F63431527FECF2100DDC4B3 /* HistoryViewController.swift */ = {isa = PBXFileReference; fileEncoding = 4; lastKnownFileType = sourcecode.swift; path = HistoryViewController.swift; sourceTree = "<group>"; };
		9F63431627FECF2100DDC4B3 /* HistoryDataSource.swift */ = {isa = PBXFileReference; fileEncoding = 4; lastKnownFileType = sourcecode.swift; path = HistoryDataSource.swift; sourceTree = "<group>"; };
		9F63431827FECF2100DDC4B3 /* HistoryInteractorImpl.swift */ = {isa = PBXFileReference; fileEncoding = 4; lastKnownFileType = sourcecode.swift; path = HistoryInteractorImpl.swift; sourceTree = "<group>"; };
		9F63431927FECF2100DDC4B3 /* HistoryInteractor.swift */ = {isa = PBXFileReference; fileEncoding = 4; lastKnownFileType = sourcecode.swift; path = HistoryInteractor.swift; sourceTree = "<group>"; };
		9F63431A27FECF2100DDC4B3 /* HistoryInteractorOutput.swift */ = {isa = PBXFileReference; fileEncoding = 4; lastKnownFileType = sourcecode.swift; path = HistoryInteractorOutput.swift; sourceTree = "<group>"; };
		9F63431C27FECF2100DDC4B3 /* HistoryRouterImpl.swift */ = {isa = PBXFileReference; fileEncoding = 4; lastKnownFileType = sourcecode.swift; path = HistoryRouterImpl.swift; sourceTree = "<group>"; };
		9F63431D27FECF2100DDC4B3 /* HistoryRouter.swift */ = {isa = PBXFileReference; fileEncoding = 4; lastKnownFileType = sourcecode.swift; path = HistoryRouter.swift; sourceTree = "<group>"; };
		9F63432C27FECF9000DDC4B3 /* GetBalanceDataResponse.swift */ = {isa = PBXFileReference; fileEncoding = 4; lastKnownFileType = sourcecode.swift; path = GetBalanceDataResponse.swift; sourceTree = "<group>"; };
		9F63432D27FECF9000DDC4B3 /* GetBalanceResponse.swift */ = {isa = PBXFileReference; fileEncoding = 4; lastKnownFileType = sourcecode.swift; path = GetBalanceResponse.swift; sourceTree = "<group>"; };
		9F63432E27FECF9000DDC4B3 /* BalanceAPI.swift */ = {isa = PBXFileReference; fileEncoding = 4; lastKnownFileType = sourcecode.swift; path = BalanceAPI.swift; sourceTree = "<group>"; };
		9F63432F27FECF9000DDC4B3 /* BalanceNetworkManager.swift */ = {isa = PBXFileReference; fileEncoding = 4; lastKnownFileType = sourcecode.swift; path = BalanceNetworkManager.swift; sourceTree = "<group>"; };
		9F63433027FECF9000DDC4B3 /* BalanceNetworkManagerImpl.swift */ = {isa = PBXFileReference; fileEncoding = 4; lastKnownFileType = sourcecode.swift; path = BalanceNetworkManagerImpl.swift; sourceTree = "<group>"; };
		9F63433327FECF9000DDC4B3 /* GetInvoiceResponse.swift */ = {isa = PBXFileReference; fileEncoding = 4; lastKnownFileType = sourcecode.swift; path = GetInvoiceResponse.swift; sourceTree = "<group>"; };
		9F63433427FECF9000DDC4B3 /* GetInvoiceDataResponse.swift */ = {isa = PBXFileReference; fileEncoding = 4; lastKnownFileType = sourcecode.swift; path = GetInvoiceDataResponse.swift; sourceTree = "<group>"; };
		9F63433527FECF9000DDC4B3 /* InvoiceNetworkManager.swift */ = {isa = PBXFileReference; fileEncoding = 4; lastKnownFileType = sourcecode.swift; path = InvoiceNetworkManager.swift; sourceTree = "<group>"; };
		9F63433627FECF9000DDC4B3 /* InvoiceNetworkManagerImpl.swift */ = {isa = PBXFileReference; fileEncoding = 4; lastKnownFileType = sourcecode.swift; path = InvoiceNetworkManagerImpl.swift; sourceTree = "<group>"; };
		9F63433727FECF9000DDC4B3 /* InvoiceApi.swift */ = {isa = PBXFileReference; fileEncoding = 4; lastKnownFileType = sourcecode.swift; path = InvoiceApi.swift; sourceTree = "<group>"; };
		9F63434227FED3AB00DDC4B3 /* HomeViewController.xib */ = {isa = PBXFileReference; fileEncoding = 4; lastKnownFileType = file.xib; path = HomeViewController.xib; sourceTree = "<group>"; };
		9F63434427FED49E00DDC4B3 /* HeaderCell.xib */ = {isa = PBXFileReference; fileEncoding = 4; lastKnownFileType = file.xib; path = HeaderCell.xib; sourceTree = "<group>"; };
		9F63434627FEDB9500DDC4B3 /* xx.swift */ = {isa = PBXFileReference; lastKnownFileType = sourcecode.swift; path = xx.swift; sourceTree = "<group>"; };
/* End PBXFileReference section */

/* Begin PBXFrameworksBuildPhase section */
		9F61018A27FEC2D900BB9AD6 /* Frameworks */ = {
			isa = PBXFrameworksBuildPhase;
			buildActionMask = 2147483647;
			files = (
				9F6101C527FEC48700BB9AD6 /* Kingfisher in Frameworks */,
				9F6101C227FEC36400BB9AD6 /* Moya in Frameworks */,
				9F6101C827FEC4ED00BB9AD6 /* netfox in Frameworks */,
			);
			runOnlyForDeploymentPostprocessing = 0;
		};
		9F6101A027FEC2DA00BB9AD6 /* Frameworks */ = {
			isa = PBXFrameworksBuildPhase;
			buildActionMask = 2147483647;
			files = (
			);
			runOnlyForDeploymentPostprocessing = 0;
		};
		9F6101AA27FEC2DA00BB9AD6 /* Frameworks */ = {
			isa = PBXFrameworksBuildPhase;
			buildActionMask = 2147483647;
			files = (
			);
			runOnlyForDeploymentPostprocessing = 0;
		};
/* End PBXFrameworksBuildPhase section */

/* Begin PBXGroup section */
		3668D70B27FFD77300C20205 /* TransferModule */ = {
			isa = PBXGroup;
			children = (
				3668D70C27FFD77300C20205 /* Entity */,
				3668D70D27FFD77300C20205 /* Presenter */,
				3668D71027FFD77300C20205 /* View */,
				3668D71427FFD77300C20205 /* Interactor */,
				3668D71827FFD77300C20205 /* Router */,
			);
			path = TransferModule;
			sourceTree = "<group>";
		};
		3668D70C27FFD77300C20205 /* Entity */ = {
			isa = PBXGroup;
			children = (
				3668D72C27FFE4DB00C20205 /* TransferResponse.swift */,
			);
			path = Entity;
			sourceTree = "<group>";
		};
		3668D70D27FFD77300C20205 /* Presenter */ = {
			isa = PBXGroup;
			children = (
				3668D70E27FFD77300C20205 /* TransferPresenterImpl.swift */,
				3668D70F27FFD77300C20205 /* TransferPresenterProtocol.swift */,
			);
			path = Presenter;
			sourceTree = "<group>";
		};
		3668D71027FFD77300C20205 /* View */ = {
			isa = PBXGroup;
			children = (
				3668D71127FFD77300C20205 /* TransferViewController.swift */,
				3668D71227FFD77300C20205 /* TransferView.swift */,
				3668D71327FFD77300C20205 /* TransferViewController.xib */,
			);
			path = View;
			sourceTree = "<group>";
		};
		3668D71427FFD77300C20205 /* Interactor */ = {
			isa = PBXGroup;
			children = (
				3668D71527FFD77300C20205 /* TransferInteractorOutputProtocol.swift */,
				3668D71627FFD77300C20205 /* TransferInteractorProtocol.swift */,
				3668D71727FFD77300C20205 /* TransferInteractorImpl.swift */,
			);
			path = Interactor;
			sourceTree = "<group>";
		};
		3668D71827FFD77300C20205 /* Router */ = {
			isa = PBXGroup;
			children = (
				3668D71927FFD77300C20205 /* TransferRouterImpl.swift */,
				3668D71A27FFD77300C20205 /* TransferRouterProtocol.swift */,
			);
			path = Router;
			sourceTree = "<group>";
		};
		3668D72527FFD79200C20205 /* Transfer */ = {
			isa = PBXGroup;
			children = (
				3668D72627FFD79200C20205 /* TransferAPI.swift */,
				3668D72727FFD79200C20205 /* TransferNetworkManager.swift */,
				3668D72827FFD79200C20205 /* TransferNetworkManagerImpl.swift */,
			);
			path = Transfer;
			sourceTree = "<group>";
		};
		5637AA692801EC84006CB449 /* TopUpModule */ = {
			isa = PBXGroup;
			children = (
				5637AA6E2801EC9E006CB449 /* Router */,
				5637AA6D2801EC99006CB449 /* Interactor */,
				5637AA6C2801EC95006CB449 /* View */,
				5637AA6B2801EC91006CB449 /* Presenter */,
				5637AA6A2801EC8C006CB449 /* Entity */,
			);
			path = TopUpModule;
			sourceTree = "<group>";
		};
		5637AA6A2801EC8C006CB449 /* Entity */ = {
			isa = PBXGroup;
			children = (
			);
			path = Entity;
			sourceTree = "<group>";
		};
		5637AA6B2801EC91006CB449 /* Presenter */ = {
			isa = PBXGroup;
			children = (
				56BD7F522803D28E003A60A1 /* TopUpPresenterImpl.swift */,
				56BD7F542803D29D003A60A1 /* TopUpPresenterProtocol.swift */,
			);
			path = Presenter;
			sourceTree = "<group>";
		};
		5637AA6C2801EC95006CB449 /* View */ = {
			isa = PBXGroup;
			children = (
				5637AA6F2801EE7A006CB449 /* TopUpViewController.swift */,
				5637AA702801EE7A006CB449 /* TopUpViewController.xib */,
			);
			path = View;
			sourceTree = "<group>";
		};
		5637AA6D2801EC99006CB449 /* Interactor */ = {
			isa = PBXGroup;
			children = (
				56BD7F4C2803D251003A60A1 /* TopUpInteractorOutputProtocol.swift */,
				56BD7F4E2803D260003A60A1 /* TopUpInteractorProtocol.swift */,
				56BD7F502803D273003A60A1 /* TopUpInteractorImpl.swift */,
			);
			path = Interactor;
			sourceTree = "<group>";
		};
		5637AA6E2801EC9E006CB449 /* Router */ = {
			isa = PBXGroup;
			children = (
				56BD7F482803D10A003A60A1 /* TopUpRouterImpl.swift */,
				56BD7F4A2803D115003A60A1 /* TopUpRouterProtocol.swift */,
			);
			path = Router;
			sourceTree = "<group>";
		};
		5695526B2804780400F17423 /* ChangePassword */ = {
			isa = PBXGroup;
			children = (
				5695526C2804781600F17423 /* ChangePasswordAPI.swift */,
				5695526E2804782800F17423 /* ChangePasswordNetworkManager.swift */,
				569552702804783A00F17423 /* ChangePasswordNetworkManagerImpl.swift */,
			);
			path = ChangePassword;
			sourceTree = "<group>";
		};
		56BD7F562803E60E003A60A1 /* ChangePasswordModule */ = {
			isa = PBXGroup;
			children = (
				56BD7F5B2803E63D003A60A1 /* Entity */,
				56BD7F5A2803E638003A60A1 /* Presenter */,
				56BD7F592803E633003A60A1 /* View */,
				56BD7F582803E62D003A60A1 /* Interactor */,
				56BD7F572803E624003A60A1 /* Router */,
			);
			path = ChangePasswordModule;
			sourceTree = "<group>";
		};
		56BD7F572803E624003A60A1 /* Router */ = {
			isa = PBXGroup;
			children = (
				56BD7F6A2803EB7C003A60A1 /* ChangePasswordRouterImpl.swift */,
				56BD7F6C2803EB89003A60A1 /* ChangePasswordRouterProtocol.swift */,
			);
			path = Router;
			sourceTree = "<group>";
		};
		56BD7F582803E62D003A60A1 /* Interactor */ = {
			isa = PBXGroup;
			children = (
				56BD7F642803EB24003A60A1 /* ChangePasswordOutputProtocol.swift */,
				56BD7F662803EB53003A60A1 /* ChangePasswordInteractorProtocol.swift */,
				56BD7F682803EB5E003A60A1 /* ChangePasswordInteractorImpl.swift */,
			);
			path = Interactor;
			sourceTree = "<group>";
		};
		56BD7F592803E633003A60A1 /* View */ = {
			isa = PBXGroup;
			children = (
				56BD7F5C2803E660003A60A1 /* ChangePasswordViewController.swift */,
				56BD7F5D2803E660003A60A1 /* ChangePasswordViewController.xib */,
				56BD7F7028040204003A60A1 /* ChangePasswordViewProtocol.swift */,
			);
			path = View;
			sourceTree = "<group>";
		};
		56BD7F5A2803E638003A60A1 /* Presenter */ = {
			isa = PBXGroup;
			children = (
				56BD7F602803EA78003A60A1 /* ChangePasswordPresenterImpl.swift */,
				56BD7F622803EA8A003A60A1 /* ChangePasswordPresenterProtocol.swift */,
			);
			path = Presenter;
			sourceTree = "<group>";
		};
		56BD7F5B2803E63D003A60A1 /* Entity */ = {
			isa = PBXGroup;
			children = (
				56BD7F6E2803F2DD003A60A1 /* ChangePasswordResponse.swift */,
			);
			path = Entity;
			sourceTree = "<group>";
		};
		9F61018427FEC2D900BB9AD6 = {
			isa = PBXGroup;
			children = (
				9F61018F27FEC2D900BB9AD6 /* ZW */,
				9F6101A627FEC2DA00BB9AD6 /* ZWTests */,
				9F6101B027FEC2DA00BB9AD6 /* ZWUITests */,
				9F61018E27FEC2D900BB9AD6 /* Products */,
			);
			sourceTree = "<group>";
		};
		9F61018E27FEC2D900BB9AD6 /* Products */ = {
			isa = PBXGroup;
			children = (
				9F61018D27FEC2D900BB9AD6 /* ZW.app */,
				9F6101A327FEC2DA00BB9AD6 /* ZWTests.xctest */,
				9F6101AD27FEC2DA00BB9AD6 /* ZWUITests.xctest */,
			);
			name = Products;
			sourceTree = "<group>";
		};
		9F61018F27FEC2D900BB9AD6 /* ZW */ = {
			isa = PBXGroup;
			children = (
				9F61025727FEC6AC00BB9AD6 /* Font */,
				9F6101FA27FEC69E00BB9AD6 /* Module */,
				9F6101ED27FEC68A00BB9AD6 /* Core */,
				9F6101CD27FEC65D00BB9AD6 /* Network */,
				9F6101C927FEC60200BB9AD6 /* Assets */,
				9F61019027FEC2D900BB9AD6 /* AppDelegate.swift */,
				9F61019227FEC2D900BB9AD6 /* SceneDelegate.swift */,
				9F61019427FEC2D900BB9AD6 /* ViewController.swift */,
				9F61019627FEC2D900BB9AD6 /* Main.storyboard */,
				9F61019927FEC2DA00BB9AD6 /* Assets.xcassets */,
				9F61019B27FEC2DA00BB9AD6 /* LaunchScreen.storyboard */,
				9F61019E27FEC2DA00BB9AD6 /* Info.plist */,
			);
			path = ZW;
			sourceTree = "<group>";
		};
		9F6101A627FEC2DA00BB9AD6 /* ZWTests */ = {
			isa = PBXGroup;
			children = (
				9F6101A727FEC2DA00BB9AD6 /* ZWTests.swift */,
			);
			path = ZWTests;
			sourceTree = "<group>";
		};
		9F6101B027FEC2DA00BB9AD6 /* ZWUITests */ = {
			isa = PBXGroup;
			children = (
				9F6101B127FEC2DA00BB9AD6 /* ZWUITests.swift */,
				9F6101B327FEC2DA00BB9AD6 /* ZWUITestsLaunchTests.swift */,
			);
			path = ZWUITests;
			sourceTree = "<group>";
		};
		9F6101C927FEC60200BB9AD6 /* Assets */ = {
			isa = PBXGroup;
			children = (
				9F6101CA27FEC63F00BB9AD6 /* Image */,
				9F63434627FEDB9500DDC4B3 /* xx.swift */,
				3630F3E427FEDDF60045AEBB /* yy.swift */,
			);
			path = Assets;
			sourceTree = "<group>";
		};
		9F6101CA27FEC63F00BB9AD6 /* Image */ = {
			isa = PBXGroup;
			children = (
				9F6101CB27FEC63F00BB9AD6 /* hatta.jpeg */,
			);
			path = Image;
			sourceTree = "<group>";
		};
		9F6101CD27FEC65D00BB9AD6 /* Network */ = {
			isa = PBXGroup;
			children = (
				5695526B2804780400F17423 /* ChangePassword */,
				3668D72527FFD79200C20205 /* Transfer */,
				9F63432A27FECF9000DDC4B3 /* Balance */,
				9F63433127FECF9000DDC4B3 /* Invoice */,
				9F6101D527FEC65D00BB9AD6 /* Auth */,
			);
			path = Network;
			sourceTree = "<group>";
		};
		9F6101D527FEC65D00BB9AD6 /* Auth */ = {
			isa = PBXGroup;
			children = (
				9F6101D627FEC65D00BB9AD6 /* AuthApi.swift */,
				9F6101D727FEC65D00BB9AD6 /* AuthNetworkManager.swift */,
				9F6101D827FEC65D00BB9AD6 /* AuthNetworkManagerImpl.swift */,
			);
			path = Auth;
			sourceTree = "<group>";
		};
		9F6101ED27FEC68A00BB9AD6 /* Core */ = {
			isa = PBXGroup;
			children = (
				9F6342E127FECEFA00DDC4B3 /* Data */,
				9F6342DB27FECE9200DDC4B3 /* Component */,
				9F6101EE27FEC68A00BB9AD6 /* Extension */,
				9F6101F127FEC68A00BB9AD6 /* Helper */,
			);
			path = Core;
			sourceTree = "<group>";
		};
		9F6101EE27FEC68A00BB9AD6 /* Extension */ = {
			isa = PBXGroup;
			children = (
				9F6101EF27FEC68A00BB9AD6 /* IntExtension.swift */,
				9F6101F027FEC68A00BB9AD6 /* UIViewExtension.swift */,
			);
			path = Extension;
			sourceTree = "<group>";
		};
		9F6101F127FEC68A00BB9AD6 /* Helper */ = {
			isa = PBXGroup;
			children = (
				9F6101F227FEC68A00BB9AD6 /* UserDefaultHelper.swift */,
				9F6101F327FEC68A00BB9AD6 /* AppRouter.swift */,
				9F6101F427FEC68A00BB9AD6 /* AppConstant.swift */,
			);
			path = Helper;
			sourceTree = "<group>";
		};
		9F6101FA27FEC69E00BB9AD6 /* Module */ = {
			isa = PBXGroup;
			children = (
				56BD7F562803E60E003A60A1 /* ChangePasswordModule */,
				5637AA692801EC84006CB449 /* TopUpModule */,
				3668D70B27FFD77300C20205 /* TransferModule */,
				9F63430B27FECF2100DDC4B3 /* HistoryModule */,
				9F6342E527FECF1000DDC4B3 /* HomeModule */,
				9F6101FB27FEC69E00BB9AD6 /* LoginModule */,
				9F61022027FEC69E00BB9AD6 /* RegisterModule */,
			);
			path = Module;
			sourceTree = "<group>";
		};
		9F6101FB27FEC69E00BB9AD6 /* LoginModule */ = {
			isa = PBXGroup;
			children = (
				9F6101FC27FEC69E00BB9AD6 /* Entity */,
				9F6101FF27FEC69E00BB9AD6 /* Presenter */,
				9F61020227FEC69E00BB9AD6 /* View */,
				9F61020627FEC69E00BB9AD6 /* Interactor */,
				9F61020A27FEC69E00BB9AD6 /* Router */,
			);
			path = LoginModule;
			sourceTree = "<group>";
		};
		9F6101FC27FEC69E00BB9AD6 /* Entity */ = {
			isa = PBXGroup;
			children = (
				9F6101FD27FEC69E00BB9AD6 /* LoginDataResponse.swift */,
				9F6101FE27FEC69E00BB9AD6 /* LoginResponse.swift */,
			);
			path = Entity;
			sourceTree = "<group>";
		};
		9F6101FF27FEC69E00BB9AD6 /* Presenter */ = {
			isa = PBXGroup;
			children = (
				9F61020027FEC69E00BB9AD6 /* LoginPresenterProtocol.swift */,
				9F61020127FEC69E00BB9AD6 /* LoginPresenterImpl.swift */,
			);
			path = Presenter;
			sourceTree = "<group>";
		};
		9F61020227FEC69E00BB9AD6 /* View */ = {
			isa = PBXGroup;
			children = (
				9F61020327FEC69E00BB9AD6 /* LoginViewController.xib */,
				9F61020427FEC69E00BB9AD6 /* LoginViewController.swift */,
				9F61020527FEC69E00BB9AD6 /* LoginViewProtocol.swift */,
			);
			path = View;
			sourceTree = "<group>";
		};
		9F61020627FEC69E00BB9AD6 /* Interactor */ = {
			isa = PBXGroup;
			children = (
				9F61020727FEC69E00BB9AD6 /* LoginInteractorImpl.swift */,
				9F61020827FEC69E00BB9AD6 /* LoginInteractorOutput.swift */,
				9F61020927FEC69E00BB9AD6 /* LoginInteractorProtocol.swift */,
			);
			path = Interactor;
			sourceTree = "<group>";
		};
		9F61020A27FEC69E00BB9AD6 /* Router */ = {
			isa = PBXGroup;
			children = (
				9F61020B27FEC69E00BB9AD6 /* LoginRouterProtocol.swift */,
				9F61020C27FEC69E00BB9AD6 /* LoginRouterImpl.swift */,
			);
			path = Router;
			sourceTree = "<group>";
		};
		9F61022027FEC69E00BB9AD6 /* RegisterModule */ = {
			isa = PBXGroup;
			children = (
				9F61022127FEC69E00BB9AD6 /* Entity */,
				9F61022427FEC69E00BB9AD6 /* Presenter */,
				9F61022727FEC69E00BB9AD6 /* View */,
				9F61022B27FEC69E00BB9AD6 /* Interactor */,
				9F61022F27FEC69E00BB9AD6 /* Router */,
			);
			path = RegisterModule;
			sourceTree = "<group>";
		};
		9F61022127FEC69E00BB9AD6 /* Entity */ = {
			isa = PBXGroup;
			children = (
				9F61022227FEC69E00BB9AD6 /* RegisterResponse.swift */,
				9F61022327FEC69E00BB9AD6 /* RegisterDataResponse.swift */,
			);
			path = Entity;
			sourceTree = "<group>";
		};
		9F61022427FEC69E00BB9AD6 /* Presenter */ = {
			isa = PBXGroup;
			children = (
				9F61022527FEC69E00BB9AD6 /* RegisterPresenterImpl.swift */,
				9F61022627FEC69E00BB9AD6 /* RegisterPresenterProtocol.swift */,
			);
			path = Presenter;
			sourceTree = "<group>";
		};
		9F61022727FEC69E00BB9AD6 /* View */ = {
			isa = PBXGroup;
			children = (
				9F61022827FEC69E00BB9AD6 /* RegisterViewController.xib */,
				9F61022927FEC69E00BB9AD6 /* RegisterViewController.swift */,
				9F61022A27FEC69E00BB9AD6 /* RegisterViewProtocol.swift */,
			);
			path = View;
			sourceTree = "<group>";
		};
		9F61022B27FEC69E00BB9AD6 /* Interactor */ = {
			isa = PBXGroup;
			children = (
				9F61022C27FEC69E00BB9AD6 /* RegisterInteractorImpl.swift */,
				9F61022D27FEC69E00BB9AD6 /* RegisterInteractorProtocol.swift */,
				9F61022E27FEC69E00BB9AD6 /* RegisterInteractorOutput.swift */,
			);
			path = Interactor;
			sourceTree = "<group>";
		};
		9F61022F27FEC69E00BB9AD6 /* Router */ = {
			isa = PBXGroup;
			children = (
				9F61023027FEC69E00BB9AD6 /* RegisterRouterImpl.swift */,
				9F61023127FEC69E00BB9AD6 /* RegisterRouterProtocol.swift */,
			);
			path = Router;
			sourceTree = "<group>";
		};
		9F61025727FEC6AC00BB9AD6 /* Font */ = {
			isa = PBXGroup;
			children = (
				9F61025827FEC6AC00BB9AD6 /* NunitoSans-Light.ttf */,
				9F61025927FEC6AC00BB9AD6 /* NunitoSans-Regular.ttf */,
				9F61025A27FEC6AC00BB9AD6 /* NunitoSans-Italic.ttf */,
				9F61025B27FEC6AC00BB9AD6 /* NunitoSans-Bold.ttf */,
				9F61025C27FEC6AC00BB9AD6 /* NunitoSans-SemiBold.ttf */,
				9F61025D27FEC6AC00BB9AD6 /* NunitoSans-Black.ttf */,
			);
			path = Font;
			sourceTree = "<group>";
		};
		9F6342DB27FECE9200DDC4B3 /* Component */ = {
			isa = PBXGroup;
			children = (
				9F6342DC27FECE9200DDC4B3 /* TransactionCell */,
			);
			path = Component;
			sourceTree = "<group>";
		};
		9F6342DC27FECE9200DDC4B3 /* TransactionCell */ = {
			isa = PBXGroup;
			children = (
				9F6342DD27FECE9200DDC4B3 /* TransactionCell.xib */,
				9F6342DE27FECE9200DDC4B3 /* TransactionCell.swift */,
			);
			path = TransactionCell;
			sourceTree = "<group>";
		};
		9F6342E127FECEFA00DDC4B3 /* Data */ = {
			isa = PBXGroup;
			children = (
				9F6342E227FECEFA00DDC4B3 /* Entity */,
			);
			path = Data;
			sourceTree = "<group>";
		};
		9F6342E227FECEFA00DDC4B3 /* Entity */ = {
			isa = PBXGroup;
			children = (
				9F6342E327FECEFA00DDC4B3 /* TransactionEntity.swift */,
			);
			path = Entity;
			sourceTree = "<group>";
		};
		9F6342E527FECF1000DDC4B3 /* HomeModule */ = {
			isa = PBXGroup;
			children = (
				9F6342E627FECF1000DDC4B3 /* Entity */,
				9F6342E927FECF1000DDC4B3 /* Presenter */,
				9F6342EC27FECF1000DDC4B3 /* View */,
				9F6342F527FECF1000DDC4B3 /* Interactor */,
				9F6342F927FECF1000DDC4B3 /* Router */,
			);
			path = HomeModule;
			sourceTree = "<group>";
		};
		9F6342E627FECF1000DDC4B3 /* Entity */ = {
			isa = PBXGroup;
			children = (
				9F6342E727FECF1000DDC4B3 /* UserProfileEntity.swift */,
				9F6342E827FECF1000DDC4B3 /* UserProfile.swift */,
			);
			path = Entity;
			sourceTree = "<group>";
		};
		9F6342E927FECF1000DDC4B3 /* Presenter */ = {
			isa = PBXGroup;
			children = (
				9F6342EA27FECF1000DDC4B3 /* HomePresenterImpl.swift */,
				9F6342EB27FECF1000DDC4B3 /* HomePresenter.swift */,
			);
			path = Presenter;
			sourceTree = "<group>";
		};
		9F6342EC27FECF1000DDC4B3 /* View */ = {
			isa = PBXGroup;
			children = (
				9F6342ED27FECF1000DDC4B3 /* Cell */,
				9F6342F127FECF1000DDC4B3 /* ViewController */,
			);
			path = View;
			sourceTree = "<group>";
		};
		9F6342ED27FECF1000DDC4B3 /* Cell */ = {
			isa = PBXGroup;
			children = (
				9F6342EE27FECF1000DDC4B3 /* DashboardCellDelegate.swift */,
				9F6342EF27FECF1000DDC4B3 /* DashboardHomeCell.swift */,
				9F6342F027FECF1000DDC4B3 /* DashboardHomeCell.xib */,
			);
			path = Cell;
			sourceTree = "<group>";
		};
		9F6342F127FECF1000DDC4B3 /* ViewController */ = {
			isa = PBXGroup;
			children = (
				9F63434227FED3AB00DDC4B3 /* HomeViewController.xib */,
				9F6342F227FECF1000DDC4B3 /* HomeView.swift */,
				9F6342F327FECF1000DDC4B3 /* HomeViewController.swift */,
				9F6342F427FECF1000DDC4B3 /* HomeDataSource.swift */,
			);
			path = ViewController;
			sourceTree = "<group>";
		};
		9F6342F527FECF1000DDC4B3 /* Interactor */ = {
			isa = PBXGroup;
			children = (
				9F6342F627FECF1000DDC4B3 /* HomeInteractorOutput.swift */,
				9F6342F727FECF1000DDC4B3 /* HomeInteractor.swift */,
				9F6342F827FECF1000DDC4B3 /* HomeInteractorImpl.swift */,
			);
			path = Interactor;
			sourceTree = "<group>";
		};
		9F6342F927FECF1000DDC4B3 /* Router */ = {
			isa = PBXGroup;
			children = (
				9F6342FA27FECF1000DDC4B3 /* HomeRouterImpl.swift */,
				9F6342FB27FECF1000DDC4B3 /* HomeRouter.swift */,
			);
			path = Router;
			sourceTree = "<group>";
		};
		9F63430B27FECF2100DDC4B3 /* HistoryModule */ = {
			isa = PBXGroup;
			children = (
				9F63430C27FECF2100DDC4B3 /* Presenter */,
				9F63430F27FECF2100DDC4B3 /* View */,
				9F63431727FECF2100DDC4B3 /* Interactor */,
				9F63431B27FECF2100DDC4B3 /* Router */,
			);
			path = HistoryModule;
			sourceTree = "<group>";
		};
		9F63430C27FECF2100DDC4B3 /* Presenter */ = {
			isa = PBXGroup;
			children = (
				9F63430D27FECF2100DDC4B3 /* HistoryPresenterImpl.swift */,
				9F63430E27FECF2100DDC4B3 /* HistoryPresenter.swift */,
			);
			path = Presenter;
			sourceTree = "<group>";
		};
		9F63430F27FECF2100DDC4B3 /* View */ = {
			isa = PBXGroup;
			children = (
				9F63431027FECF2100DDC4B3 /* Cell */,
				9F63431227FECF2100DDC4B3 /* ViewController */,
			);
			path = View;
			sourceTree = "<group>";
		};
		9F63431027FECF2100DDC4B3 /* Cell */ = {
			isa = PBXGroup;
			children = (
				9F63434427FED49E00DDC4B3 /* HeaderCell.xib */,
				9F63431127FECF2100DDC4B3 /* HeaderCell.swift */,
			);
			path = Cell;
			sourceTree = "<group>";
		};
		9F63431227FECF2100DDC4B3 /* ViewController */ = {
			isa = PBXGroup;
			children = (
				9F63431327FECF2100DDC4B3 /* HistoryViewController.xib */,
				9F63431427FECF2100DDC4B3 /* HistoryView.swift */,
				9F63431527FECF2100DDC4B3 /* HistoryViewController.swift */,
				9F63431627FECF2100DDC4B3 /* HistoryDataSource.swift */,
			);
			path = ViewController;
			sourceTree = "<group>";
		};
		9F63431727FECF2100DDC4B3 /* Interactor */ = {
			isa = PBXGroup;
			children = (
				9F63431827FECF2100DDC4B3 /* HistoryInteractorImpl.swift */,
				9F63431927FECF2100DDC4B3 /* HistoryInteractor.swift */,
				9F63431A27FECF2100DDC4B3 /* HistoryInteractorOutput.swift */,
			);
			path = Interactor;
			sourceTree = "<group>";
		};
		9F63431B27FECF2100DDC4B3 /* Router */ = {
			isa = PBXGroup;
			children = (
				9F63431C27FECF2100DDC4B3 /* HistoryRouterImpl.swift */,
				9F63431D27FECF2100DDC4B3 /* HistoryRouter.swift */,
			);
			path = Router;
			sourceTree = "<group>";
		};
		9F63432A27FECF9000DDC4B3 /* Balance */ = {
			isa = PBXGroup;
			children = (
				9F63432B27FECF9000DDC4B3 /* Response */,
				9F63432E27FECF9000DDC4B3 /* BalanceAPI.swift */,
				9F63432F27FECF9000DDC4B3 /* BalanceNetworkManager.swift */,
				9F63433027FECF9000DDC4B3 /* BalanceNetworkManagerImpl.swift */,
			);
			path = Balance;
			sourceTree = "<group>";
		};
		9F63432B27FECF9000DDC4B3 /* Response */ = {
			isa = PBXGroup;
			children = (
				9F63432C27FECF9000DDC4B3 /* GetBalanceDataResponse.swift */,
				9F63432D27FECF9000DDC4B3 /* GetBalanceResponse.swift */,
			);
			path = Response;
			sourceTree = "<group>";
		};
		9F63433127FECF9000DDC4B3 /* Invoice */ = {
			isa = PBXGroup;
			children = (
				9F63433227FECF9000DDC4B3 /* Response */,
				9F63433527FECF9000DDC4B3 /* InvoiceNetworkManager.swift */,
				9F63433627FECF9000DDC4B3 /* InvoiceNetworkManagerImpl.swift */,
				9F63433727FECF9000DDC4B3 /* InvoiceApi.swift */,
			);
			path = Invoice;
			sourceTree = "<group>";
		};
		9F63433227FECF9000DDC4B3 /* Response */ = {
			isa = PBXGroup;
			children = (
				9F63433327FECF9000DDC4B3 /* GetInvoiceResponse.swift */,
				9F63433427FECF9000DDC4B3 /* GetInvoiceDataResponse.swift */,
			);
			path = Response;
			sourceTree = "<group>";
		};
/* End PBXGroup section */

/* Begin PBXNativeTarget section */
		9F61018C27FEC2D900BB9AD6 /* ZW */ = {
			isa = PBXNativeTarget;
			buildConfigurationList = 9F6101B727FEC2DA00BB9AD6 /* Build configuration list for PBXNativeTarget "ZW" */;
			buildPhases = (
				9F61018927FEC2D900BB9AD6 /* Sources */,
				9F61018A27FEC2D900BB9AD6 /* Frameworks */,
				9F61018B27FEC2D900BB9AD6 /* Resources */,
			);
			buildRules = (
			);
			dependencies = (
			);
			name = ZW;
			packageProductDependencies = (
				9F6101C127FEC36400BB9AD6 /* Moya */,
				9F6101C427FEC48700BB9AD6 /* Kingfisher */,
				9F6101C727FEC4ED00BB9AD6 /* netfox */,
			);
			productName = ZW;
			productReference = 9F61018D27FEC2D900BB9AD6 /* ZW.app */;
			productType = "com.apple.product-type.application";
		};
		9F6101A227FEC2DA00BB9AD6 /* ZWTests */ = {
			isa = PBXNativeTarget;
			buildConfigurationList = 9F6101BA27FEC2DA00BB9AD6 /* Build configuration list for PBXNativeTarget "ZWTests" */;
			buildPhases = (
				9F61019F27FEC2DA00BB9AD6 /* Sources */,
				9F6101A027FEC2DA00BB9AD6 /* Frameworks */,
				9F6101A127FEC2DA00BB9AD6 /* Resources */,
			);
			buildRules = (
			);
			dependencies = (
				9F6101A527FEC2DA00BB9AD6 /* PBXTargetDependency */,
			);
			name = ZWTests;
			productName = ZWTests;
			productReference = 9F6101A327FEC2DA00BB9AD6 /* ZWTests.xctest */;
			productType = "com.apple.product-type.bundle.unit-test";
		};
		9F6101AC27FEC2DA00BB9AD6 /* ZWUITests */ = {
			isa = PBXNativeTarget;
			buildConfigurationList = 9F6101BD27FEC2DA00BB9AD6 /* Build configuration list for PBXNativeTarget "ZWUITests" */;
			buildPhases = (
				9F6101A927FEC2DA00BB9AD6 /* Sources */,
				9F6101AA27FEC2DA00BB9AD6 /* Frameworks */,
				9F6101AB27FEC2DA00BB9AD6 /* Resources */,
			);
			buildRules = (
			);
			dependencies = (
				9F6101AF27FEC2DA00BB9AD6 /* PBXTargetDependency */,
			);
			name = ZWUITests;
			productName = ZWUITests;
			productReference = 9F6101AD27FEC2DA00BB9AD6 /* ZWUITests.xctest */;
			productType = "com.apple.product-type.bundle.ui-testing";
		};
/* End PBXNativeTarget section */

/* Begin PBXProject section */
		9F61018527FEC2D900BB9AD6 /* Project object */ = {
			isa = PBXProject;
			attributes = {
				BuildIndependentTargetsInParallel = 1;
				LastSwiftUpdateCheck = 1330;
				LastUpgradeCheck = 1330;
				TargetAttributes = {
					9F61018C27FEC2D900BB9AD6 = {
						CreatedOnToolsVersion = 13.3;
					};
					9F6101A227FEC2DA00BB9AD6 = {
						CreatedOnToolsVersion = 13.3;
						TestTargetID = 9F61018C27FEC2D900BB9AD6;
					};
					9F6101AC27FEC2DA00BB9AD6 = {
						CreatedOnToolsVersion = 13.3;
						TestTargetID = 9F61018C27FEC2D900BB9AD6;
					};
				};
			};
			buildConfigurationList = 9F61018827FEC2D900BB9AD6 /* Build configuration list for PBXProject "ZW" */;
			compatibilityVersion = "Xcode 13.0";
			developmentRegion = en;
			hasScannedForEncodings = 0;
			knownRegions = (
				en,
				Base,
			);
			mainGroup = 9F61018427FEC2D900BB9AD6;
			packageReferences = (
				9F6101C027FEC36400BB9AD6 /* XCRemoteSwiftPackageReference "Moya" */,
				9F6101C327FEC48700BB9AD6 /* XCRemoteSwiftPackageReference "Kingfisher" */,
				9F6101C627FEC4ED00BB9AD6 /* XCRemoteSwiftPackageReference "netfox" */,
			);
			productRefGroup = 9F61018E27FEC2D900BB9AD6 /* Products */;
			projectDirPath = "";
			projectRoot = "";
			targets = (
				9F61018C27FEC2D900BB9AD6 /* ZW */,
				9F6101A227FEC2DA00BB9AD6 /* ZWTests */,
				9F6101AC27FEC2DA00BB9AD6 /* ZWUITests */,
			);
		};
/* End PBXProject section */

/* Begin PBXResourcesBuildPhase section */
		9F61018B27FEC2D900BB9AD6 /* Resources */ = {
			isa = PBXResourcesBuildPhase;
			buildActionMask = 2147483647;
			files = (
				5637AA722801EE7A006CB449 /* TopUpViewController.xib in Resources */,
				9F61026027FEC6AC00BB9AD6 /* NunitoSans-Italic.ttf in Resources */,
				56BD7F5F2803E660003A60A1 /* ChangePasswordViewController.xib in Resources */,
				9F61023627FEC69E00BB9AD6 /* LoginViewController.xib in Resources */,
				9F6101CC27FEC63F00BB9AD6 /* hatta.jpeg in Resources */,
				9F61026127FEC6AC00BB9AD6 /* NunitoSans-Bold.ttf in Resources */,
				9F61019D27FEC2DA00BB9AD6 /* LaunchScreen.storyboard in Resources */,
				9F61019A27FEC2DA00BB9AD6 /* Assets.xcassets in Resources */,
				9F61026227FEC6AC00BB9AD6 /* NunitoSans-SemiBold.ttf in Resources */,
				9F61019827FEC2D900BB9AD6 /* Main.storyboard in Resources */,
				9F63432127FECF2100DDC4B3 /* HistoryViewController.xib in Resources */,
				9F61025E27FEC6AC00BB9AD6 /* NunitoSans-Light.ttf in Resources */,
				9F61025F27FEC6AC00BB9AD6 /* NunitoSans-Regular.ttf in Resources */,
				9F61026327FEC6AC00BB9AD6 /* NunitoSans-Black.ttf in Resources */,
				9F63434527FED49E00DDC4B3 /* HeaderCell.xib in Resources */,
				9F63430227FECF1000DDC4B3 /* DashboardHomeCell.xib in Resources */,
				9F61024F27FEC69E00BB9AD6 /* RegisterViewController.xib in Resources */,
				9F6342DF27FECE9200DDC4B3 /* TransactionCell.xib in Resources */,
				9F63434327FED3AB00DDC4B3 /* HomeViewController.xib in Resources */,
				3668D71F27FFD77300C20205 /* TransferViewController.xib in Resources */,
			);
			runOnlyForDeploymentPostprocessing = 0;
		};
		9F6101A127FEC2DA00BB9AD6 /* Resources */ = {
			isa = PBXResourcesBuildPhase;
			buildActionMask = 2147483647;
			files = (
			);
			runOnlyForDeploymentPostprocessing = 0;
		};
		9F6101AB27FEC2DA00BB9AD6 /* Resources */ = {
			isa = PBXResourcesBuildPhase;
			buildActionMask = 2147483647;
			files = (
			);
			runOnlyForDeploymentPostprocessing = 0;
		};
/* End PBXResourcesBuildPhase section */

/* Begin PBXSourcesBuildPhase section */
		9F61018927FEC2D900BB9AD6 /* Sources */ = {
			isa = PBXSourcesBuildPhase;
			buildActionMask = 2147483647;
			files = (
				9F61024B27FEC69E00BB9AD6 /* RegisterResponse.swift in Sources */,
				9F63433B27FECF9000DDC4B3 /* BalanceNetworkManager.swift in Sources */,
				9F63432427FECF2100DDC4B3 /* HistoryDataSource.swift in Sources */,
				56BD7F632803EA8A003A60A1 /* ChangePasswordPresenterProtocol.swift in Sources */,
				56BD7F552803D29D003A60A1 /* TopUpPresenterProtocol.swift in Sources */,
				9F63433D27FECF9000DDC4B3 /* GetInvoiceResponse.swift in Sources */,
				9F63433927FECF9000DDC4B3 /* GetBalanceResponse.swift in Sources */,
				9F61019527FEC2D900BB9AD6 /* ViewController.swift in Sources */,
				3668D72B27FFD79200C20205 /* TransferNetworkManagerImpl.swift in Sources */,
				9F63430127FECF1000DDC4B3 /* DashboardHomeCell.swift in Sources */,
				9F61025627FEC69E00BB9AD6 /* RegisterRouterProtocol.swift in Sources */,
				9F61023327FEC69E00BB9AD6 /* LoginResponse.swift in Sources */,
				9F61019127FEC2D900BB9AD6 /* AppDelegate.swift in Sources */,
				56BD7F6B2803EB7C003A60A1 /* ChangePasswordRouterImpl.swift in Sources */,
				9F63432227FECF2100DDC4B3 /* HistoryView.swift in Sources */,
				9F6342FC27FECF1000DDC4B3 /* UserProfileEntity.swift in Sources */,
				9F63432827FECF2100DDC4B3 /* HistoryRouterImpl.swift in Sources */,
				3630F3E527FEDDF60045AEBB /* yy.swift in Sources */,
				9F6101E527FEC65D00BB9AD6 /* AuthApi.swift in Sources */,
				9F6101F727FEC68A00BB9AD6 /* UserDefaultHelper.swift in Sources */,
				3668D71D27FFD77300C20205 /* TransferViewController.swift in Sources */,
				3668D72027FFD77300C20205 /* TransferInteractorOutputProtocol.swift in Sources */,
				9F63432527FECF2100DDC4B3 /* HistoryInteractorImpl.swift in Sources */,
				9F63433A27FECF9000DDC4B3 /* BalanceAPI.swift in Sources */,
				56BD7F4B2803D115003A60A1 /* TopUpRouterProtocol.swift in Sources */,
				9F63432727FECF2100DDC4B3 /* HistoryInteractorOutput.swift in Sources */,
				9F63433C27FECF9000DDC4B3 /* BalanceNetworkManagerImpl.swift in Sources */,
				3668D72127FFD77300C20205 /* TransferInteractorProtocol.swift in Sources */,
				9F61023227FEC69E00BB9AD6 /* LoginDataResponse.swift in Sources */,
				9F61024D27FEC69E00BB9AD6 /* RegisterPresenterImpl.swift in Sources */,
				9F6101F627FEC68A00BB9AD6 /* UIViewExtension.swift in Sources */,
				9F63432627FECF2100DDC4B3 /* HistoryInteractor.swift in Sources */,
				3668D71B27FFD77300C20205 /* TransferPresenterImpl.swift in Sources */,
				9F61025527FEC69E00BB9AD6 /* RegisterRouterImpl.swift in Sources */,
				9F63433E27FECF9000DDC4B3 /* GetInvoiceDataResponse.swift in Sources */,
				9F63432027FECF2100DDC4B3 /* HeaderCell.swift in Sources */,
				56BD7F512803D273003A60A1 /* TopUpInteractorImpl.swift in Sources */,
				9F61023927FEC69E00BB9AD6 /* LoginInteractorImpl.swift in Sources */,
				9F6101F827FEC68A00BB9AD6 /* AppRouter.swift in Sources */,
				9F6101F927FEC68A00BB9AD6 /* AppConstant.swift in Sources */,
				56BD7F612803EA78003A60A1 /* ChangePasswordPresenterImpl.swift in Sources */,
				5695526F2804782800F17423 /* ChangePasswordNetworkManager.swift in Sources */,
				56BD7F6F2803F2DD003A60A1 /* ChangePasswordResponse.swift in Sources */,
				56BD7F6D2803EB89003A60A1 /* ChangePasswordRouterProtocol.swift in Sources */,
				9F61024E27FEC69E00BB9AD6 /* RegisterPresenterProtocol.swift in Sources */,
				9F63430427FECF1000DDC4B3 /* HomeViewController.swift in Sources */,
				56BD7F492803D10A003A60A1 /* TopUpRouterImpl.swift in Sources */,
				569552712804783A00F17423 /* ChangePasswordNetworkManagerImpl.swift in Sources */,
				9F6342E027FECE9200DDC4B3 /* TransactionCell.swift in Sources */,
				9F61023827FEC69E00BB9AD6 /* LoginViewProtocol.swift in Sources */,
				9F63431F27FECF2100DDC4B3 /* HistoryPresenter.swift in Sources */,
				9F63434027FECF9000DDC4B3 /* InvoiceNetworkManagerImpl.swift in Sources */,
				56BD7F652803EB24003A60A1 /* ChangePasswordOutputProtocol.swift in Sources */,
				3668D71C27FFD77300C20205 /* TransferPresenterProtocol.swift in Sources */,
				9F63430827FECF1000DDC4B3 /* HomeInteractorImpl.swift in Sources */,
				9F63430727FECF1000DDC4B3 /* HomeInteractor.swift in Sources */,
				9F63430027FECF1000DDC4B3 /* DashboardCellDelegate.swift in Sources */,
				9F63430627FECF1000DDC4B3 /* HomeInteractorOutput.swift in Sources */,
				3668D72927FFD79200C20205 /* TransferAPI.swift in Sources */,
				9F61025027FEC69E00BB9AD6 /* RegisterViewController.swift in Sources */,
				9F6101E627FEC65D00BB9AD6 /* AuthNetworkManager.swift in Sources */,
				3668D72D27FFE4DB00C20205 /* TransferResponse.swift in Sources */,
				9F61023C27FEC69E00BB9AD6 /* LoginRouterProtocol.swift in Sources */,
				9F61023B27FEC69E00BB9AD6 /* LoginInteractorProtocol.swift in Sources */,
				9F63432327FECF2100DDC4B3 /* HistoryViewController.swift in Sources */,
				3668D72A27FFD79200C20205 /* TransferNetworkManager.swift in Sources */,
				9F63430A27FECF1000DDC4B3 /* HomeRouter.swift in Sources */,
				9F63431E27FECF2100DDC4B3 /* HistoryPresenterImpl.swift in Sources */,
				56BD7F672803EB53003A60A1 /* ChangePasswordInteractorProtocol.swift in Sources */,
				9F61025227FEC69E00BB9AD6 /* RegisterInteractorImpl.swift in Sources */,
				9F63433827FECF9000DDC4B3 /* GetBalanceDataResponse.swift in Sources */,
				9F61023A27FEC69E00BB9AD6 /* LoginInteractorOutput.swift in Sources */,
				56BD7F4F2803D260003A60A1 /* TopUpInteractorProtocol.swift in Sources */,
				9F61023427FEC69E00BB9AD6 /* LoginPresenterProtocol.swift in Sources */,
				9F63434127FECF9000DDC4B3 /* InvoiceApi.swift in Sources */,
				9F6101F527FEC68A00BB9AD6 /* IntExtension.swift in Sources */,
				9F61019327FEC2D900BB9AD6 /* SceneDelegate.swift in Sources */,
				56BD7F692803EB5E003A60A1 /* ChangePasswordInteractorImpl.swift in Sources */,
				9F61025327FEC69E00BB9AD6 /* RegisterInteractorProtocol.swift in Sources */,
				5695526D2804781600F17423 /* ChangePasswordAPI.swift in Sources */,
				9F63433F27FECF9000DDC4B3 /* InvoiceNetworkManager.swift in Sources */,
				9F61024C27FEC69E00BB9AD6 /* RegisterDataResponse.swift in Sources */,
				9F6342FE27FECF1000DDC4B3 /* HomePresenterImpl.swift in Sources */,
				3668D71E27FFD77300C20205 /* TransferView.swift in Sources */,
				9F61023527FEC69E00BB9AD6 /* LoginPresenterImpl.swift in Sources */,
				3668D72227FFD77300C20205 /* TransferInteractorImpl.swift in Sources */,
				9F63430327FECF1000DDC4B3 /* HomeView.swift in Sources */,
				56BD7F4D2803D251003A60A1 /* TopUpInteractorOutputProtocol.swift in Sources */,
				9F63430527FECF1000DDC4B3 /* HomeDataSource.swift in Sources */,
				56BD7F532803D28E003A60A1 /* TopUpPresenterImpl.swift in Sources */,
				9F61023D27FEC69E00BB9AD6 /* LoginRouterImpl.swift in Sources */,
				9F61025427FEC69E00BB9AD6 /* RegisterInteractorOutput.swift in Sources */,
				9F6342FF27FECF1000DDC4B3 /* HomePresenter.swift in Sources */,
				9F63434727FEDB9500DDC4B3 /* xx.swift in Sources */,
				9F63430927FECF1000DDC4B3 /* HomeRouterImpl.swift in Sources */,
				9F6342FD27FECF1000DDC4B3 /* UserProfile.swift in Sources */,
				9F61023727FEC69E00BB9AD6 /* LoginViewController.swift in Sources */,
				3668D72327FFD77300C20205 /* TransferRouterImpl.swift in Sources */,
				56BD7F7128040204003A60A1 /* ChangePasswordViewProtocol.swift in Sources */,
				9F6342E427FECEFA00DDC4B3 /* TransactionEntity.swift in Sources */,
				5637AA712801EE7A006CB449 /* TopUpViewController.swift in Sources */,
				56BD7F5E2803E660003A60A1 /* ChangePasswordViewController.swift in Sources */,
				9F6101E727FEC65D00BB9AD6 /* AuthNetworkManagerImpl.swift in Sources */,
				9F61025127FEC69E00BB9AD6 /* RegisterViewProtocol.swift in Sources */,
				9F63432927FECF2100DDC4B3 /* HistoryRouter.swift in Sources */,
				3668D72427FFD77300C20205 /* TransferRouterProtocol.swift in Sources */,
			);
			runOnlyForDeploymentPostprocessing = 0;
		};
		9F61019F27FEC2DA00BB9AD6 /* Sources */ = {
			isa = PBXSourcesBuildPhase;
			buildActionMask = 2147483647;
			files = (
				9F6101A827FEC2DA00BB9AD6 /* ZWTests.swift in Sources */,
			);
			runOnlyForDeploymentPostprocessing = 0;
		};
		9F6101A927FEC2DA00BB9AD6 /* Sources */ = {
			isa = PBXSourcesBuildPhase;
			buildActionMask = 2147483647;
			files = (
				9F6101B227FEC2DA00BB9AD6 /* ZWUITests.swift in Sources */,
				9F6101B427FEC2DA00BB9AD6 /* ZWUITestsLaunchTests.swift in Sources */,
			);
			runOnlyForDeploymentPostprocessing = 0;
		};
/* End PBXSourcesBuildPhase section */

/* Begin PBXTargetDependency section */
		9F6101A527FEC2DA00BB9AD6 /* PBXTargetDependency */ = {
			isa = PBXTargetDependency;
			target = 9F61018C27FEC2D900BB9AD6 /* ZW */;
			targetProxy = 9F6101A427FEC2DA00BB9AD6 /* PBXContainerItemProxy */;
		};
		9F6101AF27FEC2DA00BB9AD6 /* PBXTargetDependency */ = {
			isa = PBXTargetDependency;
			target = 9F61018C27FEC2D900BB9AD6 /* ZW */;
			targetProxy = 9F6101AE27FEC2DA00BB9AD6 /* PBXContainerItemProxy */;
		};
/* End PBXTargetDependency section */

/* Begin PBXVariantGroup section */
		9F61019627FEC2D900BB9AD6 /* Main.storyboard */ = {
			isa = PBXVariantGroup;
			children = (
				9F61019727FEC2D900BB9AD6 /* Base */,
			);
			name = Main.storyboard;
			sourceTree = "<group>";
		};
		9F61019B27FEC2DA00BB9AD6 /* LaunchScreen.storyboard */ = {
			isa = PBXVariantGroup;
			children = (
				9F61019C27FEC2DA00BB9AD6 /* Base */,
			);
			name = LaunchScreen.storyboard;
			sourceTree = "<group>";
		};
/* End PBXVariantGroup section */

/* Begin XCBuildConfiguration section */
		9F6101B527FEC2DA00BB9AD6 /* Debug */ = {
			isa = XCBuildConfiguration;
			buildSettings = {
				ALWAYS_SEARCH_USER_PATHS = NO;
				CLANG_ANALYZER_NONNULL = YES;
				CLANG_ANALYZER_NUMBER_OBJECT_CONVERSION = YES_AGGRESSIVE;
				CLANG_CXX_LANGUAGE_STANDARD = "gnu++17";
				CLANG_ENABLE_MODULES = YES;
				CLANG_ENABLE_OBJC_ARC = YES;
				CLANG_ENABLE_OBJC_WEAK = YES;
				CLANG_WARN_BLOCK_CAPTURE_AUTORELEASING = YES;
				CLANG_WARN_BOOL_CONVERSION = YES;
				CLANG_WARN_COMMA = YES;
				CLANG_WARN_CONSTANT_CONVERSION = YES;
				CLANG_WARN_DEPRECATED_OBJC_IMPLEMENTATIONS = YES;
				CLANG_WARN_DIRECT_OBJC_ISA_USAGE = YES_ERROR;
				CLANG_WARN_DOCUMENTATION_COMMENTS = YES;
				CLANG_WARN_EMPTY_BODY = YES;
				CLANG_WARN_ENUM_CONVERSION = YES;
				CLANG_WARN_INFINITE_RECURSION = YES;
				CLANG_WARN_INT_CONVERSION = YES;
				CLANG_WARN_NON_LITERAL_NULL_CONVERSION = YES;
				CLANG_WARN_OBJC_IMPLICIT_RETAIN_SELF = YES;
				CLANG_WARN_OBJC_LITERAL_CONVERSION = YES;
				CLANG_WARN_OBJC_ROOT_CLASS = YES_ERROR;
				CLANG_WARN_QUOTED_INCLUDE_IN_FRAMEWORK_HEADER = YES;
				CLANG_WARN_RANGE_LOOP_ANALYSIS = YES;
				CLANG_WARN_STRICT_PROTOTYPES = YES;
				CLANG_WARN_SUSPICIOUS_MOVE = YES;
				CLANG_WARN_UNGUARDED_AVAILABILITY = YES_AGGRESSIVE;
				CLANG_WARN_UNREACHABLE_CODE = YES;
				CLANG_WARN__DUPLICATE_METHOD_MATCH = YES;
				COPY_PHASE_STRIP = NO;
				DEBUG_INFORMATION_FORMAT = dwarf;
				ENABLE_STRICT_OBJC_MSGSEND = YES;
				ENABLE_TESTABILITY = YES;
				GCC_C_LANGUAGE_STANDARD = gnu11;
				GCC_DYNAMIC_NO_PIC = NO;
				GCC_NO_COMMON_BLOCKS = YES;
				GCC_OPTIMIZATION_LEVEL = 0;
				GCC_PREPROCESSOR_DEFINITIONS = (
					"DEBUG=1",
					"$(inherited)",
				);
				GCC_WARN_64_TO_32_BIT_CONVERSION = YES;
				GCC_WARN_ABOUT_RETURN_TYPE = YES_ERROR;
				GCC_WARN_UNDECLARED_SELECTOR = YES;
				GCC_WARN_UNINITIALIZED_AUTOS = YES_AGGRESSIVE;
				GCC_WARN_UNUSED_FUNCTION = YES;
				GCC_WARN_UNUSED_VARIABLE = YES;
				IPHONEOS_DEPLOYMENT_TARGET = 15.4;
				MTL_ENABLE_DEBUG_INFO = INCLUDE_SOURCE;
				MTL_FAST_MATH = YES;
				ONLY_ACTIVE_ARCH = YES;
				SDKROOT = iphoneos;
				SWIFT_ACTIVE_COMPILATION_CONDITIONS = DEBUG;
				SWIFT_OPTIMIZATION_LEVEL = "-Onone";
			};
			name = Debug;
		};
		9F6101B627FEC2DA00BB9AD6 /* Release */ = {
			isa = XCBuildConfiguration;
			buildSettings = {
				ALWAYS_SEARCH_USER_PATHS = NO;
				CLANG_ANALYZER_NONNULL = YES;
				CLANG_ANALYZER_NUMBER_OBJECT_CONVERSION = YES_AGGRESSIVE;
				CLANG_CXX_LANGUAGE_STANDARD = "gnu++17";
				CLANG_ENABLE_MODULES = YES;
				CLANG_ENABLE_OBJC_ARC = YES;
				CLANG_ENABLE_OBJC_WEAK = YES;
				CLANG_WARN_BLOCK_CAPTURE_AUTORELEASING = YES;
				CLANG_WARN_BOOL_CONVERSION = YES;
				CLANG_WARN_COMMA = YES;
				CLANG_WARN_CONSTANT_CONVERSION = YES;
				CLANG_WARN_DEPRECATED_OBJC_IMPLEMENTATIONS = YES;
				CLANG_WARN_DIRECT_OBJC_ISA_USAGE = YES_ERROR;
				CLANG_WARN_DOCUMENTATION_COMMENTS = YES;
				CLANG_WARN_EMPTY_BODY = YES;
				CLANG_WARN_ENUM_CONVERSION = YES;
				CLANG_WARN_INFINITE_RECURSION = YES;
				CLANG_WARN_INT_CONVERSION = YES;
				CLANG_WARN_NON_LITERAL_NULL_CONVERSION = YES;
				CLANG_WARN_OBJC_IMPLICIT_RETAIN_SELF = YES;
				CLANG_WARN_OBJC_LITERAL_CONVERSION = YES;
				CLANG_WARN_OBJC_ROOT_CLASS = YES_ERROR;
				CLANG_WARN_QUOTED_INCLUDE_IN_FRAMEWORK_HEADER = YES;
				CLANG_WARN_RANGE_LOOP_ANALYSIS = YES;
				CLANG_WARN_STRICT_PROTOTYPES = YES;
				CLANG_WARN_SUSPICIOUS_MOVE = YES;
				CLANG_WARN_UNGUARDED_AVAILABILITY = YES_AGGRESSIVE;
				CLANG_WARN_UNREACHABLE_CODE = YES;
				CLANG_WARN__DUPLICATE_METHOD_MATCH = YES;
				COPY_PHASE_STRIP = NO;
				DEBUG_INFORMATION_FORMAT = "dwarf-with-dsym";
				ENABLE_NS_ASSERTIONS = NO;
				ENABLE_STRICT_OBJC_MSGSEND = YES;
				GCC_C_LANGUAGE_STANDARD = gnu11;
				GCC_NO_COMMON_BLOCKS = YES;
				GCC_WARN_64_TO_32_BIT_CONVERSION = YES;
				GCC_WARN_ABOUT_RETURN_TYPE = YES_ERROR;
				GCC_WARN_UNDECLARED_SELECTOR = YES;
				GCC_WARN_UNINITIALIZED_AUTOS = YES_AGGRESSIVE;
				GCC_WARN_UNUSED_FUNCTION = YES;
				GCC_WARN_UNUSED_VARIABLE = YES;
				IPHONEOS_DEPLOYMENT_TARGET = 15.4;
				MTL_ENABLE_DEBUG_INFO = NO;
				MTL_FAST_MATH = YES;
				SDKROOT = iphoneos;
				SWIFT_COMPILATION_MODE = wholemodule;
				SWIFT_OPTIMIZATION_LEVEL = "-O";
				VALIDATE_PRODUCT = YES;
			};
			name = Release;
		};
		9F6101B827FEC2DA00BB9AD6 /* Debug */ = {
			isa = XCBuildConfiguration;
			buildSettings = {
				ASSETCATALOG_COMPILER_APPICON_NAME = AppIcon;
				ASSETCATALOG_COMPILER_GLOBAL_ACCENT_COLOR_NAME = AccentColor;
				CODE_SIGN_STYLE = Automatic;
				CURRENT_PROJECT_VERSION = 1;
				GENERATE_INFOPLIST_FILE = YES;
				INFOPLIST_FILE = ZW/Info.plist;
				INFOPLIST_KEY_UIApplicationSupportsIndirectInputEvents = YES;
				INFOPLIST_KEY_UILaunchStoryboardName = LaunchScreen;
				INFOPLIST_KEY_UIMainStoryboardFile = Main;
				INFOPLIST_KEY_UISupportedInterfaceOrientations_iPad = "UIInterfaceOrientationPortrait UIInterfaceOrientationPortraitUpsideDown UIInterfaceOrientationLandscapeLeft UIInterfaceOrientationLandscapeRight";
				INFOPLIST_KEY_UISupportedInterfaceOrientations_iPhone = "UIInterfaceOrientationPortrait UIInterfaceOrientationLandscapeLeft UIInterfaceOrientationLandscapeRight";
				LD_RUNPATH_SEARCH_PATHS = (
					"$(inherited)",
					"@executable_path/Frameworks",
				);
				MARKETING_VERSION = 1.0;
				PRODUCT_BUNDLE_IDENTIFIER = test.ZW;
				PRODUCT_NAME = "$(TARGET_NAME)";
				SWIFT_EMIT_LOC_STRINGS = YES;
				SWIFT_VERSION = 5.0;
				TARGETED_DEVICE_FAMILY = "1,2";
			};
			name = Debug;
		};
		9F6101B927FEC2DA00BB9AD6 /* Release */ = {
			isa = XCBuildConfiguration;
			buildSettings = {
				ASSETCATALOG_COMPILER_APPICON_NAME = AppIcon;
				ASSETCATALOG_COMPILER_GLOBAL_ACCENT_COLOR_NAME = AccentColor;
				CODE_SIGN_STYLE = Automatic;
				CURRENT_PROJECT_VERSION = 1;
				GENERATE_INFOPLIST_FILE = YES;
				INFOPLIST_FILE = ZW/Info.plist;
				INFOPLIST_KEY_UIApplicationSupportsIndirectInputEvents = YES;
				INFOPLIST_KEY_UILaunchStoryboardName = LaunchScreen;
				INFOPLIST_KEY_UIMainStoryboardFile = Main;
				INFOPLIST_KEY_UISupportedInterfaceOrientations_iPad = "UIInterfaceOrientationPortrait UIInterfaceOrientationPortraitUpsideDown UIInterfaceOrientationLandscapeLeft UIInterfaceOrientationLandscapeRight";
				INFOPLIST_KEY_UISupportedInterfaceOrientations_iPhone = "UIInterfaceOrientationPortrait UIInterfaceOrientationLandscapeLeft UIInterfaceOrientationLandscapeRight";
				LD_RUNPATH_SEARCH_PATHS = (
					"$(inherited)",
					"@executable_path/Frameworks",
				);
				MARKETING_VERSION = 1.0;
				PRODUCT_BUNDLE_IDENTIFIER = test.ZW;
				PRODUCT_NAME = "$(TARGET_NAME)";
				SWIFT_EMIT_LOC_STRINGS = YES;
				SWIFT_VERSION = 5.0;
				TARGETED_DEVICE_FAMILY = "1,2";
			};
			name = Release;
		};
		9F6101BB27FEC2DA00BB9AD6 /* Debug */ = {
			isa = XCBuildConfiguration;
			buildSettings = {
				ALWAYS_EMBED_SWIFT_STANDARD_LIBRARIES = YES;
				BUNDLE_LOADER = "$(TEST_HOST)";
				CODE_SIGN_STYLE = Automatic;
				CURRENT_PROJECT_VERSION = 1;
				GENERATE_INFOPLIST_FILE = YES;
				IPHONEOS_DEPLOYMENT_TARGET = 15.4;
				MARKETING_VERSION = 1.0;
				PRODUCT_BUNDLE_IDENTIFIER = test.ZWTests;
				PRODUCT_NAME = "$(TARGET_NAME)";
				SWIFT_EMIT_LOC_STRINGS = NO;
				SWIFT_VERSION = 5.0;
				TARGETED_DEVICE_FAMILY = "1,2";
				TEST_HOST = "$(BUILT_PRODUCTS_DIR)/ZW.app/ZW";
			};
			name = Debug;
		};
		9F6101BC27FEC2DA00BB9AD6 /* Release */ = {
			isa = XCBuildConfiguration;
			buildSettings = {
				ALWAYS_EMBED_SWIFT_STANDARD_LIBRARIES = YES;
				BUNDLE_LOADER = "$(TEST_HOST)";
				CODE_SIGN_STYLE = Automatic;
				CURRENT_PROJECT_VERSION = 1;
				GENERATE_INFOPLIST_FILE = YES;
				IPHONEOS_DEPLOYMENT_TARGET = 15.4;
				MARKETING_VERSION = 1.0;
				PRODUCT_BUNDLE_IDENTIFIER = test.ZWTests;
				PRODUCT_NAME = "$(TARGET_NAME)";
				SWIFT_EMIT_LOC_STRINGS = NO;
				SWIFT_VERSION = 5.0;
				TARGETED_DEVICE_FAMILY = "1,2";
				TEST_HOST = "$(BUILT_PRODUCTS_DIR)/ZW.app/ZW";
			};
			name = Release;
		};
		9F6101BE27FEC2DA00BB9AD6 /* Debug */ = {
			isa = XCBuildConfiguration;
			buildSettings = {
				ALWAYS_EMBED_SWIFT_STANDARD_LIBRARIES = YES;
				CODE_SIGN_STYLE = Automatic;
				CURRENT_PROJECT_VERSION = 1;
				GENERATE_INFOPLIST_FILE = YES;
				MARKETING_VERSION = 1.0;
				PRODUCT_BUNDLE_IDENTIFIER = test.ZWUITests;
				PRODUCT_NAME = "$(TARGET_NAME)";
				SWIFT_EMIT_LOC_STRINGS = NO;
				SWIFT_VERSION = 5.0;
				TARGETED_DEVICE_FAMILY = "1,2";
				TEST_TARGET_NAME = ZW;
			};
			name = Debug;
		};
		9F6101BF27FEC2DA00BB9AD6 /* Release */ = {
			isa = XCBuildConfiguration;
			buildSettings = {
				ALWAYS_EMBED_SWIFT_STANDARD_LIBRARIES = YES;
				CODE_SIGN_STYLE = Automatic;
				CURRENT_PROJECT_VERSION = 1;
				GENERATE_INFOPLIST_FILE = YES;
				MARKETING_VERSION = 1.0;
				PRODUCT_BUNDLE_IDENTIFIER = test.ZWUITests;
				PRODUCT_NAME = "$(TARGET_NAME)";
				SWIFT_EMIT_LOC_STRINGS = NO;
				SWIFT_VERSION = 5.0;
				TARGETED_DEVICE_FAMILY = "1,2";
				TEST_TARGET_NAME = ZW;
			};
			name = Release;
		};
/* End XCBuildConfiguration section */

/* Begin XCConfigurationList section */
		9F61018827FEC2D900BB9AD6 /* Build configuration list for PBXProject "ZW" */ = {
			isa = XCConfigurationList;
			buildConfigurations = (
				9F6101B527FEC2DA00BB9AD6 /* Debug */,
				9F6101B627FEC2DA00BB9AD6 /* Release */,
			);
			defaultConfigurationIsVisible = 0;
			defaultConfigurationName = Release;
		};
		9F6101B727FEC2DA00BB9AD6 /* Build configuration list for PBXNativeTarget "ZW" */ = {
			isa = XCConfigurationList;
			buildConfigurations = (
				9F6101B827FEC2DA00BB9AD6 /* Debug */,
				9F6101B927FEC2DA00BB9AD6 /* Release */,
			);
			defaultConfigurationIsVisible = 0;
			defaultConfigurationName = Release;
		};
		9F6101BA27FEC2DA00BB9AD6 /* Build configuration list for PBXNativeTarget "ZWTests" */ = {
			isa = XCConfigurationList;
			buildConfigurations = (
				9F6101BB27FEC2DA00BB9AD6 /* Debug */,
				9F6101BC27FEC2DA00BB9AD6 /* Release */,
			);
			defaultConfigurationIsVisible = 0;
			defaultConfigurationName = Release;
		};
		9F6101BD27FEC2DA00BB9AD6 /* Build configuration list for PBXNativeTarget "ZWUITests" */ = {
			isa = XCConfigurationList;
			buildConfigurations = (
				9F6101BE27FEC2DA00BB9AD6 /* Debug */,
				9F6101BF27FEC2DA00BB9AD6 /* Release */,
			);
			defaultConfigurationIsVisible = 0;
			defaultConfigurationName = Release;
		};
/* End XCConfigurationList section */

/* Begin XCRemoteSwiftPackageReference section */
		9F6101C027FEC36400BB9AD6 /* XCRemoteSwiftPackageReference "Moya" */ = {
			isa = XCRemoteSwiftPackageReference;
			repositoryURL = "https://github.com/Moya/Moya";
			requirement = {
				kind = exactVersion;
				version = 15.0.0;
			};
		};
		9F6101C327FEC48700BB9AD6 /* XCRemoteSwiftPackageReference "Kingfisher" */ = {
			isa = XCRemoteSwiftPackageReference;
			repositoryURL = "https://github.com/onevcat/Kingfisher";
			requirement = {
				kind = exactVersion;
				version = 7.2.0;
			};
		};
		9F6101C627FEC4ED00BB9AD6 /* XCRemoteSwiftPackageReference "netfox" */ = {
			isa = XCRemoteSwiftPackageReference;
			repositoryURL = "https://github.com/kasketis/netfox";
			requirement = {
				kind = exactVersion;
				version = 1.21.0;
			};
		};
/* End XCRemoteSwiftPackageReference section */

/* Begin XCSwiftPackageProductDependency section */
		9F6101C127FEC36400BB9AD6 /* Moya */ = {
			isa = XCSwiftPackageProductDependency;
			package = 9F6101C027FEC36400BB9AD6 /* XCRemoteSwiftPackageReference "Moya" */;
			productName = Moya;
		};
		9F6101C427FEC48700BB9AD6 /* Kingfisher */ = {
			isa = XCSwiftPackageProductDependency;
			package = 9F6101C327FEC48700BB9AD6 /* XCRemoteSwiftPackageReference "Kingfisher" */;
			productName = Kingfisher;
		};
		9F6101C727FEC4ED00BB9AD6 /* netfox */ = {
			isa = XCSwiftPackageProductDependency;
			package = 9F6101C627FEC4ED00BB9AD6 /* XCRemoteSwiftPackageReference "netfox" */;
			productName = netfox;
		};
/* End XCSwiftPackageProductDependency section */
	};
	rootObject = 9F61018527FEC2D900BB9AD6 /* Project object */;
}
